// !$*UTF8*$!
{
	archiveVersion = 1;
	classes = {
	};
	objectVersion = 55;
	objects = {

/* Begin PBXBuildFile section */
		973B2CA128C2546C006ED5F0 /* ArrangeShapeWithFont.swift in Sources */ = {isa = PBXBuildFile; fileRef = 973B2CA028C2546C006ED5F0 /* ArrangeShapeWithFont.swift */; };
		973B2CA428C25DAA006ED5F0 /* ArrangeShapeWithWidthAndHeight.swift in Sources */ = {isa = PBXBuildFile; fileRef = 973B2CA328C25DAA006ED5F0 /* ArrangeShapeWithWidthAndHeight.swift */; };
		9748BE15289338A3006DF0BE /* Magician.swift in Sources */ = {isa = PBXBuildFile; fileRef = 9748BE14289338A3006DF0BE /* Magician.swift */; };
		9748BE1828933E40006DF0BE /* MagicianHat.swift in Sources */ = {isa = PBXBuildFile; fileRef = 9748BE1728933E40006DF0BE /* MagicianHat.swift */; };
		9748BE1A289341BE006DF0BE /* MagicianFace.swift in Sources */ = {isa = PBXBuildFile; fileRef = 9748BE19289341BE006DF0BE /* MagicianFace.swift */; };
		9748BE1D289399CF006DF0BE /* SFAlphabet.swift in Sources */ = {isa = PBXBuildFile; fileRef = 9748BE1C289399CF006DF0BE /* SFAlphabet.swift */; };
		9748BE2028939B04006DF0BE /* FlipType.swift in Sources */ = {isa = PBXBuildFile; fileRef = 9748BE1F28939B04006DF0BE /* FlipType.swift */; };
		9748BE232893B35A006DF0BE /* WorldPeace.swift in Sources */ = {isa = PBXBuildFile; fileRef = 9748BE222893B35A006DF0BE /* WorldPeace.swift */; };
		9748BE252893BD97006DF0BE /* AlphabeticalPeace.swift in Sources */ = {isa = PBXBuildFile; fileRef = 9748BE242893BD97006DF0BE /* AlphabeticalPeace.swift */; };
		9748BE272893BE7B006DF0BE /* AlphabeticalWorld.swift in Sources */ = {isa = PBXBuildFile; fileRef = 9748BE262893BE7B006DF0BE /* AlphabeticalWorld.swift */; };
		9748BE292893BFE3006DF0BE /* Earth.swift in Sources */ = {isa = PBXBuildFile; fileRef = 9748BE282893BFE3006DF0BE /* Earth.swift */; };
		9748BE2C2893C428006DF0BE /* Bear.swift in Sources */ = {isa = PBXBuildFile; fileRef = 9748BE2B2893C428006DF0BE /* Bear.swift */; };
		9748BE2E2893C688006DF0BE /* AnimalOutline.swift in Sources */ = {isa = PBXBuildFile; fileRef = 9748BE2D2893C688006DF0BE /* AnimalOutline.swift */; };
		9748BE302893C706006DF0BE /* AnimalNose.swift in Sources */ = {isa = PBXBuildFile; fileRef = 9748BE2F2893C706006DF0BE /* AnimalNose.swift */; };
		9748BE322893C91F006DF0BE /* AnimalEye.swift in Sources */ = {isa = PBXBuildFile; fileRef = 9748BE312893C91F006DF0BE /* AnimalEye.swift */; };
		9748BE352893CB67006DF0BE /* Lion.swift in Sources */ = {isa = PBXBuildFile; fileRef = 9748BE342893CB67006DF0BE /* Lion.swift */; };
		9748BE372893D064006DF0BE /* PartyAnimals.swift in Sources */ = {isa = PBXBuildFile; fileRef = 9748BE362893D064006DF0BE /* PartyAnimals.swift */; };
		9748BE3A2893D0E3006DF0BE /* Frog.swift in Sources */ = {isa = PBXBuildFile; fileRef = 9748BE392893D0E3006DF0BE /* Frog.swift */; };
		9748BE3C2897AA28006DF0BE /* AnimalWhiskers.swift in Sources */ = {isa = PBXBuildFile; fileRef = 9748BE3B2897AA28006DF0BE /* AnimalWhiskers.swift */; };
		9748BE3F2897AE68006DF0BE /* ArmHair.swift in Sources */ = {isa = PBXBuildFile; fileRef = 9748BE3E2897AE68006DF0BE /* ArmHair.swift */; };
		9748BE412897CD6C006DF0BE /* Arm.swift in Sources */ = {isa = PBXBuildFile; fileRef = 9748BE402897CD6C006DF0BE /* Arm.swift */; };
		9748BE4328980C4D006DF0BE /* Hair.swift in Sources */ = {isa = PBXBuildFile; fileRef = 9748BE4228980C4D006DF0BE /* Hair.swift */; };
		9748BE4628981011006DF0BE /* ElectroMagneticWaveMan.swift in Sources */ = {isa = PBXBuildFile; fileRef = 9748BE4528981011006DF0BE /* ElectroMagneticWaveMan.swift */; };
		9748BE4828981096006DF0BE /* ElectroMagneticWaveManFace.swift in Sources */ = {isa = PBXBuildFile; fileRef = 9748BE4728981096006DF0BE /* ElectroMagneticWaveManFace.swift */; };
		9748BE4A28995877006DF0BE /* ElectroMagneticWaveOutline.swift in Sources */ = {isa = PBXBuildFile; fileRef = 9748BE4928995877006DF0BE /* ElectroMagneticWaveOutline.swift */; };
		9748BE4C28995A43006DF0BE /* ElectricMagneticWaveManBody.swift in Sources */ = {isa = PBXBuildFile; fileRef = 9748BE4B28995A43006DF0BE /* ElectricMagneticWaveManBody.swift */; };
		9748BE4E289AAE39006DF0BE /* ElectricMagneticWaveManRightHand.swift in Sources */ = {isa = PBXBuildFile; fileRef = 9748BE4D289AAE39006DF0BE /* ElectricMagneticWaveManRightHand.swift */; };
		9748BE50289AB439006DF0BE /* ElectricMagneticWaveLeftHand.swift in Sources */ = {isa = PBXBuildFile; fileRef = 9748BE4F289AB439006DF0BE /* ElectricMagneticWaveLeftHand.swift */; };
		9748BE52289AB89B006DF0BE /* ElectricMagneticWaveManMagnet.swift in Sources */ = {isa = PBXBuildFile; fileRef = 9748BE51289AB89B006DF0BE /* ElectricMagneticWaveManMagnet.swift */; };
		9748BE54289CCFEB006DF0BE /* ElectroMagneticWaveClub.swift in Sources */ = {isa = PBXBuildFile; fileRef = 9748BE53289CCFEB006DF0BE /* ElectroMagneticWaveClub.swift */; };
		9748BE57289DCBB0006DF0BE /* LargeFirework.swift in Sources */ = {isa = PBXBuildFile; fileRef = 9748BE56289DCBB0006DF0BE /* LargeFirework.swift */; };
		9748BE59289DCE17006DF0BE /* Fireworks.swift in Sources */ = {isa = PBXBuildFile; fileRef = 9748BE58289DCE17006DF0BE /* Fireworks.swift */; };
		9748BE5D289DD696006DF0BE /* Building.swift in Sources */ = {isa = PBXBuildFile; fileRef = 9748BE5C289DD696006DF0BE /* Building.swift */; };
		9748BE5F289F194E006DF0BE /* RocketFirework.swift in Sources */ = {isa = PBXBuildFile; fileRef = 9748BE5E289F194E006DF0BE /* RocketFirework.swift */; };
		9748BE6428A3936E006DF0BE /* ArtWorkView.swift in Sources */ = {isa = PBXBuildFile; fileRef = 9748BE6328A3936E006DF0BE /* ArtWorkView.swift */; };
		9748BE6628A395D5006DF0BE /* ArtWork.swift in Sources */ = {isa = PBXBuildFile; fileRef = 9748BE6528A395D5006DF0BE /* ArtWork.swift */; };
		97624C2A28C2BC9A004E1720 /* MediumFirework.swift in Sources */ = {isa = PBXBuildFile; fileRef = 97624C2928C2BC9A004E1720 /* MediumFirework.swift */; };
		97624C2C28C2DDAA004E1720 /* Buildings.swift in Sources */ = {isa = PBXBuildFile; fileRef = 97624C2B28C2DDAA004E1720 /* Buildings.swift */; };
		97624C2F28C2E608004E1720 /* SmallFirework.swift in Sources */ = {isa = PBXBuildFile; fileRef = 97624C2E28C2E608004E1720 /* SmallFirework.swift */; };
		97624C3328C4F43F004E1720 /* GeometryProxy+Extensions.swift in Sources */ = {isa = PBXBuildFile; fileRef = 97624C3228C4F43F004E1720 /* GeometryProxy+Extensions.swift */; };
		97CD46E428BEF84100919B65 /* iOSDCJapan2022Symbol.swift in Sources */ = {isa = PBXBuildFile; fileRef = 97CD46E328BEF84100919B65 /* iOSDCJapan2022Symbol.swift */; };
		97CD46E928BF080300919B65 /* iOSDCJapan2022Logo.swift in Sources */ = {isa = PBXBuildFile; fileRef = 97CD46E828BF080200919B65 /* iOSDCJapan2022Logo.swift */; };
		97E11D502817381100B2AB32 /* SFSymbolsArtCollectionApp.swift in Sources */ = {isa = PBXBuildFile; fileRef = 97E11D4F2817381100B2AB32 /* SFSymbolsArtCollectionApp.swift */; };
		97E11D522817381100B2AB32 /* ContentView.swift in Sources */ = {isa = PBXBuildFile; fileRef = 97E11D512817381100B2AB32 /* ContentView.swift */; };
		97E11D542817381200B2AB32 /* Assets.xcassets in Resources */ = {isa = PBXBuildFile; fileRef = 97E11D532817381200B2AB32 /* Assets.xcassets */; };
		97E11D572817381200B2AB32 /* Preview Assets.xcassets in Resources */ = {isa = PBXBuildFile; fileRef = 97E11D562817381200B2AB32 /* Preview Assets.xcassets */; };
		97E11D5E2817396500B2AB32 /* DrawingSymbol.swift in Sources */ = {isa = PBXBuildFile; fileRef = 97E11D5D2817396500B2AB32 /* DrawingSymbol.swift */; };
		97E11DF028176A0D00B2AB32 /* SFUserFriendlySymbols in Frameworks */ = {isa = PBXBuildFile; productRef = 97E11DEF28176A0D00B2AB32 /* SFUserFriendlySymbols */; };
		97E11DF528176B8900B2AB32 /* Flower.swift in Sources */ = {isa = PBXBuildFile; fileRef = 97E11DF428176B8900B2AB32 /* Flower.swift */; };
		97E11E012817791B00B2AB32 /* FlyingFlower.swift in Sources */ = {isa = PBXBuildFile; fileRef = 97E11E002817791B00B2AB32 /* FlyingFlower.swift */; };
		97E11E0328177BE000B2AB32 /* Sky.swift in Sources */ = {isa = PBXBuildFile; fileRef = 97E11E0228177BE000B2AB32 /* Sky.swift */; };
		97E11E0528177E7E00B2AB32 /* Fire.swift in Sources */ = {isa = PBXBuildFile; fileRef = 97E11E0428177E7E00B2AB32 /* Fire.swift */; };
		97E11E33281971E200B2AB32 /* CrayonHair.swift in Sources */ = {isa = PBXBuildFile; fileRef = 97E11E30281971E100B2AB32 /* CrayonHair.swift */; };
		97E11E34281971E200B2AB32 /* CrayonFace.swift in Sources */ = {isa = PBXBuildFile; fileRef = 97E11E31281971E200B2AB32 /* CrayonFace.swift */; };
		97E11E35281971E200B2AB32 /* CrayonMouth.swift in Sources */ = {isa = PBXBuildFile; fileRef = 97E11E32281971E200B2AB32 /* CrayonMouth.swift */; };
		97E11E3B281971ED00B2AB32 /* CrayonEyes.swift in Sources */ = {isa = PBXBuildFile; fileRef = 97E11E36281971EC00B2AB32 /* CrayonEyes.swift */; };
		97E11E3C281971ED00B2AB32 /* CrayonEye.swift in Sources */ = {isa = PBXBuildFile; fileRef = 97E11E37281971EC00B2AB32 /* CrayonEye.swift */; };
		97E11E3D281971ED00B2AB32 /* CrayonEyelid.swift in Sources */ = {isa = PBXBuildFile; fileRef = 97E11E38281971ED00B2AB32 /* CrayonEyelid.swift */; };
		97E11E3E281971ED00B2AB32 /* CrayonEyebrow.swift in Sources */ = {isa = PBXBuildFile; fileRef = 97E11E39281971ED00B2AB32 /* CrayonEyebrow.swift */; };
		97E11E3F281971ED00B2AB32 /* CrayonEyeBall.swift in Sources */ = {isa = PBXBuildFile; fileRef = 97E11E3A281971ED00B2AB32 /* CrayonEyeBall.swift */; };
		97E11E442819729B00B2AB32 /* Color+Extensions.swift in Sources */ = {isa = PBXBuildFile; fileRef = 97E11E432819729B00B2AB32 /* Color+Extensions.swift */; };
		97E11E462819734700B2AB32 /* CrayonBoy.swift in Sources */ = {isa = PBXBuildFile; fileRef = 97E11E452819734700B2AB32 /* CrayonBoy.swift */; };
/* End PBXBuildFile section */

/* Begin PBXFileReference section */
		973B2CA028C2546C006ED5F0 /* ArrangeShapeWithFont.swift */ = {isa = PBXFileReference; lastKnownFileType = sourcecode.swift; path = ArrangeShapeWithFont.swift; sourceTree = "<group>"; };
		973B2CA328C25DAA006ED5F0 /* ArrangeShapeWithWidthAndHeight.swift */ = {isa = PBXFileReference; lastKnownFileType = sourcecode.swift; path = ArrangeShapeWithWidthAndHeight.swift; sourceTree = "<group>"; };
		9748BE14289338A3006DF0BE /* Magician.swift */ = {isa = PBXFileReference; lastKnownFileType = sourcecode.swift; path = Magician.swift; sourceTree = "<group>"; };
		9748BE1728933E40006DF0BE /* MagicianHat.swift */ = {isa = PBXFileReference; lastKnownFileType = sourcecode.swift; path = MagicianHat.swift; sourceTree = "<group>"; };
		9748BE19289341BE006DF0BE /* MagicianFace.swift */ = {isa = PBXFileReference; lastKnownFileType = sourcecode.swift; path = MagicianFace.swift; sourceTree = "<group>"; };
		9748BE1C289399CF006DF0BE /* SFAlphabet.swift */ = {isa = PBXFileReference; lastKnownFileType = sourcecode.swift; path = SFAlphabet.swift; sourceTree = "<group>"; };
		9748BE1F28939B04006DF0BE /* FlipType.swift */ = {isa = PBXFileReference; lastKnownFileType = sourcecode.swift; path = FlipType.swift; sourceTree = "<group>"; };
		9748BE222893B35A006DF0BE /* WorldPeace.swift */ = {isa = PBXFileReference; lastKnownFileType = sourcecode.swift; path = WorldPeace.swift; sourceTree = "<group>"; };
		9748BE242893BD97006DF0BE /* AlphabeticalPeace.swift */ = {isa = PBXFileReference; lastKnownFileType = sourcecode.swift; path = AlphabeticalPeace.swift; sourceTree = "<group>"; };
		9748BE262893BE7B006DF0BE /* AlphabeticalWorld.swift */ = {isa = PBXFileReference; lastKnownFileType = sourcecode.swift; path = AlphabeticalWorld.swift; sourceTree = "<group>"; };
		9748BE282893BFE3006DF0BE /* Earth.swift */ = {isa = PBXFileReference; lastKnownFileType = sourcecode.swift; path = Earth.swift; sourceTree = "<group>"; };
		9748BE2B2893C428006DF0BE /* Bear.swift */ = {isa = PBXFileReference; lastKnownFileType = sourcecode.swift; path = Bear.swift; sourceTree = "<group>"; };
		9748BE2D2893C688006DF0BE /* AnimalOutline.swift */ = {isa = PBXFileReference; lastKnownFileType = sourcecode.swift; path = AnimalOutline.swift; sourceTree = "<group>"; };
		9748BE2F2893C706006DF0BE /* AnimalNose.swift */ = {isa = PBXFileReference; lastKnownFileType = sourcecode.swift; path = AnimalNose.swift; sourceTree = "<group>"; };
		9748BE312893C91F006DF0BE /* AnimalEye.swift */ = {isa = PBXFileReference; lastKnownFileType = sourcecode.swift; path = AnimalEye.swift; sourceTree = "<group>"; };
		9748BE342893CB67006DF0BE /* Lion.swift */ = {isa = PBXFileReference; lastKnownFileType = sourcecode.swift; path = Lion.swift; sourceTree = "<group>"; };
		9748BE362893D064006DF0BE /* PartyAnimals.swift */ = {isa = PBXFileReference; lastKnownFileType = sourcecode.swift; path = PartyAnimals.swift; sourceTree = "<group>"; };
		9748BE392893D0E3006DF0BE /* Frog.swift */ = {isa = PBXFileReference; lastKnownFileType = sourcecode.swift; path = Frog.swift; sourceTree = "<group>"; };
		9748BE3B2897AA28006DF0BE /* AnimalWhiskers.swift */ = {isa = PBXFileReference; lastKnownFileType = sourcecode.swift; path = AnimalWhiskers.swift; sourceTree = "<group>"; };
		9748BE3E2897AE68006DF0BE /* ArmHair.swift */ = {isa = PBXFileReference; lastKnownFileType = sourcecode.swift; path = ArmHair.swift; sourceTree = "<group>"; };
		9748BE402897CD6C006DF0BE /* Arm.swift */ = {isa = PBXFileReference; lastKnownFileType = sourcecode.swift; path = Arm.swift; sourceTree = "<group>"; };
		9748BE4228980C4D006DF0BE /* Hair.swift */ = {isa = PBXFileReference; lastKnownFileType = sourcecode.swift; path = Hair.swift; sourceTree = "<group>"; };
		9748BE4528981011006DF0BE /* ElectroMagneticWaveMan.swift */ = {isa = PBXFileReference; lastKnownFileType = sourcecode.swift; path = ElectroMagneticWaveMan.swift; sourceTree = "<group>"; };
		9748BE4728981096006DF0BE /* ElectroMagneticWaveManFace.swift */ = {isa = PBXFileReference; lastKnownFileType = sourcecode.swift; path = ElectroMagneticWaveManFace.swift; sourceTree = "<group>"; };
		9748BE4928995877006DF0BE /* ElectroMagneticWaveOutline.swift */ = {isa = PBXFileReference; lastKnownFileType = sourcecode.swift; path = ElectroMagneticWaveOutline.swift; sourceTree = "<group>"; };
		9748BE4B28995A43006DF0BE /* ElectricMagneticWaveManBody.swift */ = {isa = PBXFileReference; lastKnownFileType = sourcecode.swift; path = ElectricMagneticWaveManBody.swift; sourceTree = "<group>"; };
		9748BE4D289AAE39006DF0BE /* ElectricMagneticWaveManRightHand.swift */ = {isa = PBXFileReference; lastKnownFileType = sourcecode.swift; path = ElectricMagneticWaveManRightHand.swift; sourceTree = "<group>"; };
		9748BE4F289AB439006DF0BE /* ElectricMagneticWaveLeftHand.swift */ = {isa = PBXFileReference; lastKnownFileType = sourcecode.swift; path = ElectricMagneticWaveLeftHand.swift; sourceTree = "<group>"; };
		9748BE51289AB89B006DF0BE /* ElectricMagneticWaveManMagnet.swift */ = {isa = PBXFileReference; lastKnownFileType = sourcecode.swift; path = ElectricMagneticWaveManMagnet.swift; sourceTree = "<group>"; };
		9748BE53289CCFEB006DF0BE /* ElectroMagneticWaveClub.swift */ = {isa = PBXFileReference; lastKnownFileType = sourcecode.swift; path = ElectroMagneticWaveClub.swift; sourceTree = "<group>"; };
		9748BE56289DCBB0006DF0BE /* LargeFirework.swift */ = {isa = PBXFileReference; lastKnownFileType = sourcecode.swift; path = LargeFirework.swift; sourceTree = "<group>"; };
		9748BE58289DCE17006DF0BE /* Fireworks.swift */ = {isa = PBXFileReference; lastKnownFileType = sourcecode.swift; path = Fireworks.swift; sourceTree = "<group>"; };
		9748BE5C289DD696006DF0BE /* Building.swift */ = {isa = PBXFileReference; lastKnownFileType = sourcecode.swift; path = Building.swift; sourceTree = "<group>"; };
		9748BE5E289F194E006DF0BE /* RocketFirework.swift */ = {isa = PBXFileReference; lastKnownFileType = sourcecode.swift; path = RocketFirework.swift; sourceTree = "<group>"; };
		9748BE62289F4BFB006DF0BE /* Info.plist */ = {isa = PBXFileReference; lastKnownFileType = text.plist; path = Info.plist; sourceTree = "<group>"; };
		9748BE6328A3936E006DF0BE /* ArtWorkView.swift */ = {isa = PBXFileReference; lastKnownFileType = sourcecode.swift; path = ArtWorkView.swift; sourceTree = "<group>"; };
		9748BE6528A395D5006DF0BE /* ArtWork.swift */ = {isa = PBXFileReference; lastKnownFileType = sourcecode.swift; path = ArtWork.swift; sourceTree = "<group>"; };
		97624C2928C2BC9A004E1720 /* MediumFirework.swift */ = {isa = PBXFileReference; lastKnownFileType = sourcecode.swift; path = MediumFirework.swift; sourceTree = "<group>"; };
		97624C2B28C2DDAA004E1720 /* Buildings.swift */ = {isa = PBXFileReference; lastKnownFileType = sourcecode.swift; path = Buildings.swift; sourceTree = "<group>"; };
		97624C2E28C2E608004E1720 /* SmallFirework.swift */ = {isa = PBXFileReference; lastKnownFileType = sourcecode.swift; path = SmallFirework.swift; sourceTree = "<group>"; };
		97624C3228C4F43F004E1720 /* GeometryProxy+Extensions.swift */ = {isa = PBXFileReference; lastKnownFileType = sourcecode.swift; path = "GeometryProxy+Extensions.swift"; sourceTree = "<group>"; };
		97CD46E328BEF84100919B65 /* iOSDCJapan2022Symbol.swift */ = {isa = PBXFileReference; lastKnownFileType = sourcecode.swift; path = iOSDCJapan2022Symbol.swift; sourceTree = "<group>"; };
		97CD46E828BF080200919B65 /* iOSDCJapan2022Logo.swift */ = {isa = PBXFileReference; lastKnownFileType = sourcecode.swift; path = iOSDCJapan2022Logo.swift; sourceTree = "<group>"; };
		97E11D4C2817381100B2AB32 /* SFSymbolsArtCollection.app */ = {isa = PBXFileReference; explicitFileType = wrapper.application; includeInIndex = 0; path = SFSymbolsArtCollection.app; sourceTree = BUILT_PRODUCTS_DIR; };
		97E11D4F2817381100B2AB32 /* SFSymbolsArtCollectionApp.swift */ = {isa = PBXFileReference; lastKnownFileType = sourcecode.swift; path = SFSymbolsArtCollectionApp.swift; sourceTree = "<group>"; };
		97E11D512817381100B2AB32 /* ContentView.swift */ = {isa = PBXFileReference; lastKnownFileType = sourcecode.swift; path = ContentView.swift; sourceTree = "<group>"; };
		97E11D532817381200B2AB32 /* Assets.xcassets */ = {isa = PBXFileReference; lastKnownFileType = folder.assetcatalog; path = Assets.xcassets; sourceTree = "<group>"; };
		97E11D562817381200B2AB32 /* Preview Assets.xcassets */ = {isa = PBXFileReference; lastKnownFileType = folder.assetcatalog; path = "Preview Assets.xcassets"; sourceTree = "<group>"; };
		97E11D5D2817396500B2AB32 /* DrawingSymbol.swift */ = {isa = PBXFileReference; lastKnownFileType = sourcecode.swift; path = DrawingSymbol.swift; sourceTree = "<group>"; };
		97E11DF428176B8900B2AB32 /* Flower.swift */ = {isa = PBXFileReference; lastKnownFileType = sourcecode.swift; path = Flower.swift; sourceTree = "<group>"; };
		97E11E002817791B00B2AB32 /* FlyingFlower.swift */ = {isa = PBXFileReference; lastKnownFileType = sourcecode.swift; path = FlyingFlower.swift; sourceTree = "<group>"; };
		97E11E0228177BE000B2AB32 /* Sky.swift */ = {isa = PBXFileReference; lastKnownFileType = sourcecode.swift; path = Sky.swift; sourceTree = "<group>"; };
		97E11E0428177E7E00B2AB32 /* Fire.swift */ = {isa = PBXFileReference; lastKnownFileType = sourcecode.swift; path = Fire.swift; sourceTree = "<group>"; };
		97E11E30281971E100B2AB32 /* CrayonHair.swift */ = {isa = PBXFileReference; fileEncoding = 4; lastKnownFileType = sourcecode.swift; path = CrayonHair.swift; sourceTree = "<group>"; };
		97E11E31281971E200B2AB32 /* CrayonFace.swift */ = {isa = PBXFileReference; fileEncoding = 4; lastKnownFileType = sourcecode.swift; path = CrayonFace.swift; sourceTree = "<group>"; };
		97E11E32281971E200B2AB32 /* CrayonMouth.swift */ = {isa = PBXFileReference; fileEncoding = 4; lastKnownFileType = sourcecode.swift; path = CrayonMouth.swift; sourceTree = "<group>"; };
		97E11E36281971EC00B2AB32 /* CrayonEyes.swift */ = {isa = PBXFileReference; fileEncoding = 4; lastKnownFileType = sourcecode.swift; path = CrayonEyes.swift; sourceTree = "<group>"; };
		97E11E37281971EC00B2AB32 /* CrayonEye.swift */ = {isa = PBXFileReference; fileEncoding = 4; lastKnownFileType = sourcecode.swift; path = CrayonEye.swift; sourceTree = "<group>"; };
		97E11E38281971ED00B2AB32 /* CrayonEyelid.swift */ = {isa = PBXFileReference; fileEncoding = 4; lastKnownFileType = sourcecode.swift; path = CrayonEyelid.swift; sourceTree = "<group>"; };
		97E11E39281971ED00B2AB32 /* CrayonEyebrow.swift */ = {isa = PBXFileReference; fileEncoding = 4; lastKnownFileType = sourcecode.swift; path = CrayonEyebrow.swift; sourceTree = "<group>"; };
		97E11E3A281971ED00B2AB32 /* CrayonEyeBall.swift */ = {isa = PBXFileReference; fileEncoding = 4; lastKnownFileType = sourcecode.swift; path = CrayonEyeBall.swift; sourceTree = "<group>"; };
		97E11E432819729B00B2AB32 /* Color+Extensions.swift */ = {isa = PBXFileReference; lastKnownFileType = sourcecode.swift; path = "Color+Extensions.swift"; sourceTree = "<group>"; };
		97E11E452819734700B2AB32 /* CrayonBoy.swift */ = {isa = PBXFileReference; lastKnownFileType = sourcecode.swift; path = CrayonBoy.swift; sourceTree = "<group>"; };
/* End PBXFileReference section */

/* Begin PBXFrameworksBuildPhase section */
		97E11D492817381100B2AB32 /* Frameworks */ = {
			isa = PBXFrameworksBuildPhase;
			buildActionMask = 2147483647;
			files = (
				97E11DF028176A0D00B2AB32 /* SFUserFriendlySymbols in Frameworks */,
			);
			runOnlyForDeploymentPostprocessing = 0;
		};
/* End PBXFrameworksBuildPhase section */

/* Begin PBXGroup section */
		973B2CA228C2584F006ED5F0 /* ViewModifiers */ = {
			isa = PBXGroup;
			children = (
				973B2CA028C2546C006ED5F0 /* ArrangeShapeWithFont.swift */,
				973B2CA328C25DAA006ED5F0 /* ArrangeShapeWithWidthAndHeight.swift */,
			);
			path = ViewModifiers;
			sourceTree = "<group>";
		};
		9748BE16289338C9006DF0BE /* Magician */ = {
			isa = PBXGroup;
			children = (
				9748BE14289338A3006DF0BE /* Magician.swift */,
				9748BE1728933E40006DF0BE /* MagicianHat.swift */,
				9748BE19289341BE006DF0BE /* MagicianFace.swift */,
			);
			path = Magician;
			sourceTree = "<group>";
		};
		9748BE1E28939AE5006DF0BE /* Enum */ = {
			isa = PBXGroup;
			children = (
				9748BE1F28939B04006DF0BE /* FlipType.swift */,
			);
			path = Enum;
			sourceTree = "<group>";
		};
		9748BE212893B2CD006DF0BE /* WorldPeace */ = {
			isa = PBXGroup;
			children = (
				9748BE222893B35A006DF0BE /* WorldPeace.swift */,
				9748BE282893BFE3006DF0BE /* Earth.swift */,
				9748BE262893BE7B006DF0BE /* AlphabeticalWorld.swift */,
				9748BE242893BD97006DF0BE /* AlphabeticalPeace.swift */,
			);
			path = WorldPeace;
			sourceTree = "<group>";
		};
		9748BE2A2893C406006DF0BE /* PartyAnimals */ = {
			isa = PBXGroup;
			children = (
				9748BE362893D064006DF0BE /* PartyAnimals.swift */,
				9748BE382893D079006DF0BE /* Animal */,
				9748BE342893CB67006DF0BE /* Lion.swift */,
				9748BE392893D0E3006DF0BE /* Frog.swift */,
				9748BE2B2893C428006DF0BE /* Bear.swift */,
			);
			path = PartyAnimals;
			sourceTree = "<group>";
		};
		9748BE382893D079006DF0BE /* Animal */ = {
			isa = PBXGroup;
			children = (
				9748BE312893C91F006DF0BE /* AnimalEye.swift */,
				9748BE2D2893C688006DF0BE /* AnimalOutline.swift */,
				9748BE2F2893C706006DF0BE /* AnimalNose.swift */,
				9748BE3B2897AA28006DF0BE /* AnimalWhiskers.swift */,
			);
			path = Animal;
			sourceTree = "<group>";
		};
		9748BE3D2897ADBD006DF0BE /* ArmHair */ = {
			isa = PBXGroup;
			children = (
				9748BE3E2897AE68006DF0BE /* ArmHair.swift */,
				9748BE402897CD6C006DF0BE /* Arm.swift */,
				9748BE4228980C4D006DF0BE /* Hair.swift */,
			);
			path = ArmHair;
			sourceTree = "<group>";
		};
		9748BE4428980FE4006DF0BE /* ElectroMagneticWaveClub */ = {
			isa = PBXGroup;
			children = (
				9748BE53289CCFEB006DF0BE /* ElectroMagneticWaveClub.swift */,
				9748BE4528981011006DF0BE /* ElectroMagneticWaveMan.swift */,
				9748BE4728981096006DF0BE /* ElectroMagneticWaveManFace.swift */,
				9748BE4928995877006DF0BE /* ElectroMagneticWaveOutline.swift */,
				9748BE4B28995A43006DF0BE /* ElectricMagneticWaveManBody.swift */,
				9748BE4D289AAE39006DF0BE /* ElectricMagneticWaveManRightHand.swift */,
				9748BE4F289AB439006DF0BE /* ElectricMagneticWaveLeftHand.swift */,
				9748BE51289AB89B006DF0BE /* ElectricMagneticWaveManMagnet.swift */,
			);
			path = ElectroMagneticWaveClub;
			sourceTree = "<group>";
		};
		9748BE55289DCB82006DF0BE /* Fireworks */ = {
			isa = PBXGroup;
			children = (
				9748BE58289DCE17006DF0BE /* Fireworks.swift */,
				9748BE56289DCBB0006DF0BE /* LargeFirework.swift */,
				97624C2928C2BC9A004E1720 /* MediumFirework.swift */,
				97624C2E28C2E608004E1720 /* SmallFirework.swift */,
				9748BE5E289F194E006DF0BE /* RocketFirework.swift */,
				97624C2D28C2E43C004E1720 /* Buildings */,
			);
			path = Fireworks;
			sourceTree = "<group>";
		};
		97624C2D28C2E43C004E1720 /* Buildings */ = {
			isa = PBXGroup;
			children = (
				97624C2B28C2DDAA004E1720 /* Buildings.swift */,
				9748BE5C289DD696006DF0BE /* Building.swift */,
			);
			path = Buildings;
			sourceTree = "<group>";
		};
		97CD46E528BEF8A000919B65 /* iOSDCJapan2022 */ = {
			isa = PBXGroup;
			children = (
				97CD46E328BEF84100919B65 /* iOSDCJapan2022Symbol.swift */,
				97CD46E828BF080200919B65 /* iOSDCJapan2022Logo.swift */,
			);
			path = iOSDCJapan2022;
			sourceTree = "<group>";
		};
		97E11D432817381100B2AB32 = {
			isa = PBXGroup;
			children = (
				97E11D4E2817381100B2AB32 /* SFSymbolsArtCollection */,
				97E11D4D2817381100B2AB32 /* Products */,
			);
			sourceTree = "<group>";
		};
		97E11D4D2817381100B2AB32 /* Products */ = {
			isa = PBXGroup;
			children = (
				97E11D4C2817381100B2AB32 /* SFSymbolsArtCollection.app */,
			);
			name = Products;
			sourceTree = "<group>";
		};
		97E11D4E2817381100B2AB32 /* SFSymbolsArtCollection */ = {
			isa = PBXGroup;
			children = (
				9748BE62289F4BFB006DF0BE /* Info.plist */,
				97E11D4F2817381100B2AB32 /* SFSymbolsArtCollectionApp.swift */,
				97E11D512817381100B2AB32 /* ContentView.swift */,
				9748BE6328A3936E006DF0BE /* ArtWorkView.swift */,
				9748BE6528A395D5006DF0BE /* ArtWork.swift */,
				9748BE55289DCB82006DF0BE /* Fireworks */,
				9748BE4428980FE4006DF0BE /* ElectroMagneticWaveClub */,
				9748BE3D2897ADBD006DF0BE /* ArmHair */,
				9748BE2A2893C406006DF0BE /* PartyAnimals */,
				9748BE212893B2CD006DF0BE /* WorldPeace */,
				9748BE16289338C9006DF0BE /* Magician */,
				97E11E402819720900B2AB32 /* CrayonBoy */,
				97E11DF328176B1900B2AB32 /* FlyingFlower */,
				97E11E082817A71300B2AB32 /* Util */,
				973B2CA228C2584F006ED5F0 /* ViewModifiers */,
				9748BE1E28939AE5006DF0BE /* Enum */,
				97E11E412819727A00B2AB32 /* Extensions */,
				97E11D532817381200B2AB32 /* Assets.xcassets */,
				97E11D552817381200B2AB32 /* Preview Content */,
				97CD46E528BEF8A000919B65 /* iOSDCJapan2022 */,
			);
			path = SFSymbolsArtCollection;
			sourceTree = "<group>";
		};
		97E11D552817381200B2AB32 /* Preview Content */ = {
			isa = PBXGroup;
			children = (
				97E11D562817381200B2AB32 /* Preview Assets.xcassets */,
			);
			path = "Preview Content";
			sourceTree = "<group>";
		};
		97E11DF328176B1900B2AB32 /* FlyingFlower */ = {
			isa = PBXGroup;
			children = (
				97E11E002817791B00B2AB32 /* FlyingFlower.swift */,
				97E11DF428176B8900B2AB32 /* Flower.swift */,
				97E11E0428177E7E00B2AB32 /* Fire.swift */,
				97E11E0228177BE000B2AB32 /* Sky.swift */,
			);
			path = FlyingFlower;
			sourceTree = "<group>";
		};
		97E11E082817A71300B2AB32 /* Util */ = {
			isa = PBXGroup;
			children = (
				97E11D5D2817396500B2AB32 /* DrawingSymbol.swift */,
				9748BE1C289399CF006DF0BE /* SFAlphabet.swift */,
			);
			path = Util;
			sourceTree = "<group>";
		};
		97E11E402819720900B2AB32 /* CrayonBoy */ = {
			isa = PBXGroup;
			children = (
				97E11E452819734700B2AB32 /* CrayonBoy.swift */,
				97E11E37281971EC00B2AB32 /* CrayonEye.swift */,
				97E11E3A281971ED00B2AB32 /* CrayonEyeBall.swift */,
				97E11E39281971ED00B2AB32 /* CrayonEyebrow.swift */,
				97E11E38281971ED00B2AB32 /* CrayonEyelid.swift */,
				97E11E36281971EC00B2AB32 /* CrayonEyes.swift */,
				97E11E31281971E200B2AB32 /* CrayonFace.swift */,
				97E11E30281971E100B2AB32 /* CrayonHair.swift */,
				97E11E32281971E200B2AB32 /* CrayonMouth.swift */,
			);
			path = CrayonBoy;
			sourceTree = "<group>";
		};
		97E11E412819727A00B2AB32 /* Extensions */ = {
			isa = PBXGroup;
			children = (
				97E11E432819729B00B2AB32 /* Color+Extensions.swift */,
				97624C3228C4F43F004E1720 /* GeometryProxy+Extensions.swift */,
			);
			path = Extensions;
			sourceTree = "<group>";
		};
/* End PBXGroup section */

/* Begin PBXNativeTarget section */
		97E11D4B2817381100B2AB32 /* SFSymbolsArtCollection */ = {
			isa = PBXNativeTarget;
			buildConfigurationList = 97E11D5A2817381200B2AB32 /* Build configuration list for PBXNativeTarget "SFSymbolsArtCollection" */;
			buildPhases = (
				97E11D482817381100B2AB32 /* Sources */,
				97E11D492817381100B2AB32 /* Frameworks */,
				97E11D4A2817381100B2AB32 /* Resources */,
			);
			buildRules = (
			);
			dependencies = (
			);
			name = SFSymbolsArtCollection;
			packageProductDependencies = (
				97E11DEF28176A0D00B2AB32 /* SFUserFriendlySymbols */,
			);
			productName = SFSymbolsArtCollection;
			productReference = 97E11D4C2817381100B2AB32 /* SFSymbolsArtCollection.app */;
			productType = "com.apple.product-type.application";
		};
/* End PBXNativeTarget section */

/* Begin PBXProject section */
		97E11D442817381100B2AB32 /* Project object */ = {
			isa = PBXProject;
			attributes = {
				BuildIndependentTargetsInParallel = 1;
				LastSwiftUpdateCheck = 1330;
				LastUpgradeCheck = 1330;
				TargetAttributes = {
					97E11D4B2817381100B2AB32 = {
						CreatedOnToolsVersion = 13.3;
					};
				};
			};
			buildConfigurationList = 97E11D472817381100B2AB32 /* Build configuration list for PBXProject "SFSymbolsArtCollection" */;
			compatibilityVersion = "Xcode 13.0";
			developmentRegion = en;
			hasScannedForEncodings = 0;
			knownRegions = (
				en,
				Base,
			);
			mainGroup = 97E11D432817381100B2AB32;
			packageReferences = (
				97E11DEE28176A0D00B2AB32 /* XCRemoteSwiftPackageReference "SFUserFriendlySymbols" */,
			);
			productRefGroup = 97E11D4D2817381100B2AB32 /* Products */;
			projectDirPath = "";
			projectRoot = "";
			targets = (
				97E11D4B2817381100B2AB32 /* SFSymbolsArtCollection */,
			);
		};
/* End PBXProject section */

/* Begin PBXResourcesBuildPhase section */
		97E11D4A2817381100B2AB32 /* Resources */ = {
			isa = PBXResourcesBuildPhase;
			buildActionMask = 2147483647;
			files = (
				97E11D572817381200B2AB32 /* Preview Assets.xcassets in Resources */,
				97E11D542817381200B2AB32 /* Assets.xcassets in Resources */,
			);
			runOnlyForDeploymentPostprocessing = 0;
		};
/* End PBXResourcesBuildPhase section */

/* Begin PBXSourcesBuildPhase section */
		97E11D482817381100B2AB32 /* Sources */ = {
			isa = PBXSourcesBuildPhase;
			buildActionMask = 2147483647;
			files = (
				9748BE52289AB89B006DF0BE /* ElectricMagneticWaveManMagnet.swift in Sources */,
				97624C2F28C2E608004E1720 /* SmallFirework.swift in Sources */,
				9748BE232893B35A006DF0BE /* WorldPeace.swift in Sources */,
				9748BE57289DCBB0006DF0BE /* LargeFirework.swift in Sources */,
				9748BE4828981096006DF0BE /* ElectroMagneticWaveManFace.swift in Sources */,
				97E11D5E2817396500B2AB32 /* DrawingSymbol.swift in Sources */,
				9748BE372893D064006DF0BE /* PartyAnimals.swift in Sources */,
				97624C2A28C2BC9A004E1720 /* MediumFirework.swift in Sources */,
				97E11E33281971E200B2AB32 /* CrayonHair.swift in Sources */,
				9748BE3A2893D0E3006DF0BE /* Frog.swift in Sources */,
				97CD46E928BF080300919B65 /* iOSDCJapan2022Logo.swift in Sources */,
				9748BE2028939B04006DF0BE /* FlipType.swift in Sources */,
				9748BE15289338A3006DF0BE /* Magician.swift in Sources */,
				9748BE3C2897AA28006DF0BE /* AnimalWhiskers.swift in Sources */,
				97E11E35281971E200B2AB32 /* CrayonMouth.swift in Sources */,
				9748BE6428A3936E006DF0BE /* ArtWorkView.swift in Sources */,
				9748BE272893BE7B006DF0BE /* AlphabeticalWorld.swift in Sources */,
				97E11E3D281971ED00B2AB32 /* CrayonEyelid.swift in Sources */,
				9748BE292893BFE3006DF0BE /* Earth.swift in Sources */,
				97E11E3E281971ED00B2AB32 /* CrayonEyebrow.swift in Sources */,
				9748BE5F289F194E006DF0BE /* RocketFirework.swift in Sources */,
				9748BE2E2893C688006DF0BE /* AnimalOutline.swift in Sources */,
				9748BE322893C91F006DF0BE /* AnimalEye.swift in Sources */,
				9748BE59289DCE17006DF0BE /* Fireworks.swift in Sources */,
				97E11E3C281971ED00B2AB32 /* CrayonEye.swift in Sources */,
				9748BE5D289DD696006DF0BE /* Building.swift in Sources */,
				9748BE1D289399CF006DF0BE /* SFAlphabet.swift in Sources */,
				9748BE54289CCFEB006DF0BE /* ElectroMagneticWaveClub.swift in Sources */,
				9748BE6628A395D5006DF0BE /* ArtWork.swift in Sources */,
				9748BE252893BD97006DF0BE /* AlphabeticalPeace.swift in Sources */,
				973B2CA128C2546C006ED5F0 /* ArrangeShapeWithFont.swift in Sources */,
				9748BE3F2897AE68006DF0BE /* ArmHair.swift in Sources */,
				97E11D522817381100B2AB32 /* ContentView.swift in Sources */,
				9748BE412897CD6C006DF0BE /* Arm.swift in Sources */,
				97E11DF528176B8900B2AB32 /* Flower.swift in Sources */,
				9748BE4328980C4D006DF0BE /* Hair.swift in Sources */,
				97624C3328C4F43F004E1720 /* GeometryProxy+Extensions.swift in Sources */,
				9748BE1828933E40006DF0BE /* MagicianHat.swift in Sources */,
				9748BE50289AB439006DF0BE /* ElectricMagneticWaveLeftHand.swift in Sources */,
				9748BE4E289AAE39006DF0BE /* ElectricMagneticWaveManRightHand.swift in Sources */,
				97E11E3F281971ED00B2AB32 /* CrayonEyeBall.swift in Sources */,
				9748BE2C2893C428006DF0BE /* Bear.swift in Sources */,
				973B2CA428C25DAA006ED5F0 /* ArrangeShapeWithWidthAndHeight.swift in Sources */,
				97E11E462819734700B2AB32 /* CrayonBoy.swift in Sources */,
				97E11E3B281971ED00B2AB32 /* CrayonEyes.swift in Sources */,
				9748BE352893CB67006DF0BE /* Lion.swift in Sources */,
				97624C2C28C2DDAA004E1720 /* Buildings.swift in Sources */,
				97E11E0528177E7E00B2AB32 /* Fire.swift in Sources */,
				97CD46E428BEF84100919B65 /* iOSDCJapan2022Symbol.swift in Sources */,
				97E11E442819729B00B2AB32 /* Color+Extensions.swift in Sources */,
				9748BE4A28995877006DF0BE /* ElectroMagneticWaveOutline.swift in Sources */,
				97E11E34281971E200B2AB32 /* CrayonFace.swift in Sources */,
				9748BE4C28995A43006DF0BE /* ElectricMagneticWaveManBody.swift in Sources */,
				97E11D502817381100B2AB32 /* SFSymbolsArtCollectionApp.swift in Sources */,
				9748BE1A289341BE006DF0BE /* MagicianFace.swift in Sources */,
				9748BE4628981011006DF0BE /* ElectroMagneticWaveMan.swift in Sources */,
				97E11E012817791B00B2AB32 /* FlyingFlower.swift in Sources */,
				97E11E0328177BE000B2AB32 /* Sky.swift in Sources */,
				9748BE302893C706006DF0BE /* AnimalNose.swift in Sources */,
			);
			runOnlyForDeploymentPostprocessing = 0;
		};
/* End PBXSourcesBuildPhase section */

/* Begin XCBuildConfiguration section */
		97E11D582817381200B2AB32 /* Debug */ = {
			isa = XCBuildConfiguration;
			buildSettings = {
				ALWAYS_SEARCH_USER_PATHS = NO;
				CLANG_ANALYZER_NONNULL = YES;
				CLANG_ANALYZER_NUMBER_OBJECT_CONVERSION = YES_AGGRESSIVE;
				CLANG_CXX_LANGUAGE_STANDARD = "gnu++17";
				CLANG_ENABLE_MODULES = YES;
				CLANG_ENABLE_OBJC_ARC = YES;
				CLANG_ENABLE_OBJC_WEAK = YES;
				CLANG_WARN_BLOCK_CAPTURE_AUTORELEASING = YES;
				CLANG_WARN_BOOL_CONVERSION = YES;
				CLANG_WARN_COMMA = YES;
				CLANG_WARN_CONSTANT_CONVERSION = YES;
				CLANG_WARN_DEPRECATED_OBJC_IMPLEMENTATIONS = YES;
				CLANG_WARN_DIRECT_OBJC_ISA_USAGE = YES_ERROR;
				CLANG_WARN_DOCUMENTATION_COMMENTS = YES;
				CLANG_WARN_EMPTY_BODY = YES;
				CLANG_WARN_ENUM_CONVERSION = YES;
				CLANG_WARN_INFINITE_RECURSION = YES;
				CLANG_WARN_INT_CONVERSION = YES;
				CLANG_WARN_NON_LITERAL_NULL_CONVERSION = YES;
				CLANG_WARN_OBJC_IMPLICIT_RETAIN_SELF = YES;
				CLANG_WARN_OBJC_LITERAL_CONVERSION = YES;
				CLANG_WARN_OBJC_ROOT_CLASS = YES_ERROR;
				CLANG_WARN_QUOTED_INCLUDE_IN_FRAMEWORK_HEADER = YES;
				CLANG_WARN_RANGE_LOOP_ANALYSIS = YES;
				CLANG_WARN_STRICT_PROTOTYPES = YES;
				CLANG_WARN_SUSPICIOUS_MOVE = YES;
				CLANG_WARN_UNGUARDED_AVAILABILITY = YES_AGGRESSIVE;
				CLANG_WARN_UNREACHABLE_CODE = YES;
				CLANG_WARN__DUPLICATE_METHOD_MATCH = YES;
				COPY_PHASE_STRIP = NO;
				DEBUG_INFORMATION_FORMAT = dwarf;
				ENABLE_STRICT_OBJC_MSGSEND = YES;
				ENABLE_TESTABILITY = YES;
				GCC_C_LANGUAGE_STANDARD = gnu11;
				GCC_DYNAMIC_NO_PIC = NO;
				GCC_NO_COMMON_BLOCKS = YES;
				GCC_OPTIMIZATION_LEVEL = 0;
				GCC_PREPROCESSOR_DEFINITIONS = (
					"DEBUG=1",
					"$(inherited)",
				);
				GCC_WARN_64_TO_32_BIT_CONVERSION = YES;
				GCC_WARN_ABOUT_RETURN_TYPE = YES_ERROR;
				GCC_WARN_UNDECLARED_SELECTOR = YES;
				GCC_WARN_UNINITIALIZED_AUTOS = YES_AGGRESSIVE;
				GCC_WARN_UNUSED_FUNCTION = YES;
				GCC_WARN_UNUSED_VARIABLE = YES;
				IPHONEOS_DEPLOYMENT_TARGET = 15.4;
				MTL_ENABLE_DEBUG_INFO = INCLUDE_SOURCE;
				MTL_FAST_MATH = YES;
				ONLY_ACTIVE_ARCH = YES;
				SDKROOT = iphoneos;
				SWIFT_ACTIVE_COMPILATION_CONDITIONS = DEBUG;
				SWIFT_OPTIMIZATION_LEVEL = "-Onone";
			};
			name = Debug;
		};
		97E11D592817381200B2AB32 /* Release */ = {
			isa = XCBuildConfiguration;
			buildSettings = {
				ALWAYS_SEARCH_USER_PATHS = NO;
				CLANG_ANALYZER_NONNULL = YES;
				CLANG_ANALYZER_NUMBER_OBJECT_CONVERSION = YES_AGGRESSIVE;
				CLANG_CXX_LANGUAGE_STANDARD = "gnu++17";
				CLANG_ENABLE_MODULES = YES;
				CLANG_ENABLE_OBJC_ARC = YES;
				CLANG_ENABLE_OBJC_WEAK = YES;
				CLANG_WARN_BLOCK_CAPTURE_AUTORELEASING = YES;
				CLANG_WARN_BOOL_CONVERSION = YES;
				CLANG_WARN_COMMA = YES;
				CLANG_WARN_CONSTANT_CONVERSION = YES;
				CLANG_WARN_DEPRECATED_OBJC_IMPLEMENTATIONS = YES;
				CLANG_WARN_DIRECT_OBJC_ISA_USAGE = YES_ERROR;
				CLANG_WARN_DOCUMENTATION_COMMENTS = YES;
				CLANG_WARN_EMPTY_BODY = YES;
				CLANG_WARN_ENUM_CONVERSION = YES;
				CLANG_WARN_INFINITE_RECURSION = YES;
				CLANG_WARN_INT_CONVERSION = YES;
				CLANG_WARN_NON_LITERAL_NULL_CONVERSION = YES;
				CLANG_WARN_OBJC_IMPLICIT_RETAIN_SELF = YES;
				CLANG_WARN_OBJC_LITERAL_CONVERSION = YES;
				CLANG_WARN_OBJC_ROOT_CLASS = YES_ERROR;
				CLANG_WARN_QUOTED_INCLUDE_IN_FRAMEWORK_HEADER = YES;
				CLANG_WARN_RANGE_LOOP_ANALYSIS = YES;
				CLANG_WARN_STRICT_PROTOTYPES = YES;
				CLANG_WARN_SUSPICIOUS_MOVE = YES;
				CLANG_WARN_UNGUARDED_AVAILABILITY = YES_AGGRESSIVE;
				CLANG_WARN_UNREACHABLE_CODE = YES;
				CLANG_WARN__DUPLICATE_METHOD_MATCH = YES;
				COPY_PHASE_STRIP = NO;
				DEBUG_INFORMATION_FORMAT = "dwarf-with-dsym";
				ENABLE_NS_ASSERTIONS = NO;
				ENABLE_STRICT_OBJC_MSGSEND = YES;
				GCC_C_LANGUAGE_STANDARD = gnu11;
				GCC_NO_COMMON_BLOCKS = YES;
				GCC_WARN_64_TO_32_BIT_CONVERSION = YES;
				GCC_WARN_ABOUT_RETURN_TYPE = YES_ERROR;
				GCC_WARN_UNDECLARED_SELECTOR = YES;
				GCC_WARN_UNINITIALIZED_AUTOS = YES_AGGRESSIVE;
				GCC_WARN_UNUSED_FUNCTION = YES;
				GCC_WARN_UNUSED_VARIABLE = YES;
				IPHONEOS_DEPLOYMENT_TARGET = 15.4;
				MTL_ENABLE_DEBUG_INFO = NO;
				MTL_FAST_MATH = YES;
				SDKROOT = iphoneos;
				SWIFT_COMPILATION_MODE = wholemodule;
				SWIFT_OPTIMIZATION_LEVEL = "-O";
				VALIDATE_PRODUCT = YES;
			};
			name = Release;
		};
		97E11D5B2817381200B2AB32 /* Debug */ = {
			isa = XCBuildConfiguration;
			buildSettings = {
				ASSETCATALOG_COMPILER_APPICON_NAME = AppIcon;
				ASSETCATALOG_COMPILER_GLOBAL_ACCENT_COLOR_NAME = AccentColor;
				CODE_SIGN_STYLE = Automatic;
				CURRENT_PROJECT_VERSION = 1;
				DEVELOPMENT_ASSET_PATHS = "\"SFSymbolsArtCollection/Preview Content\"";
				DEVELOPMENT_TEAM = 2V4975L824;
				ENABLE_PREVIEWS = YES;
				GENERATE_INFOPLIST_FILE = YES;
				INFOPLIST_FILE = SFSymbolsArtCollection/Info.plist;
				INFOPLIST_KEY_UIApplicationSceneManifest_Generation = YES;
				INFOPLIST_KEY_UIApplicationSupportsIndirectInputEvents = YES;
				INFOPLIST_KEY_UILaunchScreen_Generation = YES;
				INFOPLIST_KEY_UIStatusBarHidden = YES;
				INFOPLIST_KEY_UISupportedInterfaceOrientations = UIInterfaceOrientationPortrait;
				INFOPLIST_KEY_UISupportedInterfaceOrientations_iPad = UIInterfaceOrientationPortrait;
				INFOPLIST_KEY_UISupportedInterfaceOrientations_iPhone = UIInterfaceOrientationPortrait;
				LD_RUNPATH_SEARCH_PATHS = (
					"$(inherited)",
					"@executable_path/Frameworks",
				);
				MARKETING_VERSION = 1.0.0;
				PRODUCT_BUNDLE_IDENTIFIER = jp.co.hotmail.lilossa.SFSymbolsArtCollection;
				PRODUCT_NAME = "$(TARGET_NAME)";
				SWIFT_EMIT_LOC_STRINGS = YES;
				SWIFT_VERSION = 5.0;
				TARGETED_DEVICE_FAMILY = "1,2";
			};
			name = Debug;
		};
		97E11D5C2817381200B2AB32 /* Release */ = {
			isa = XCBuildConfiguration;
			buildSettings = {
				ASSETCATALOG_COMPILER_APPICON_NAME = AppIcon;
				ASSETCATALOG_COMPILER_GLOBAL_ACCENT_COLOR_NAME = AccentColor;
				CODE_SIGN_STYLE = Automatic;
				CURRENT_PROJECT_VERSION = 1;
				DEVELOPMENT_ASSET_PATHS = "\"SFSymbolsArtCollection/Preview Content\"";
				DEVELOPMENT_TEAM = 2V4975L824;
				ENABLE_PREVIEWS = YES;
				GENERATE_INFOPLIST_FILE = YES;
				INFOPLIST_FILE = SFSymbolsArtCollection/Info.plist;
				INFOPLIST_KEY_UIApplicationSceneManifest_Generation = YES;
				INFOPLIST_KEY_UIApplicationSupportsIndirectInputEvents = YES;
				INFOPLIST_KEY_UILaunchScreen_Generation = YES;
				INFOPLIST_KEY_UIStatusBarHidden = YES;
				INFOPLIST_KEY_UISupportedInterfaceOrientations = UIInterfaceOrientationPortrait;
				INFOPLIST_KEY_UISupportedInterfaceOrientations_iPad = UIInterfaceOrientationPortrait;
				INFOPLIST_KEY_UISupportedInterfaceOrientations_iPhone = UIInterfaceOrientationPortrait;
				LD_RUNPATH_SEARCH_PATHS = (
					"$(inherited)",
					"@executable_path/Frameworks",
				);
				MARKETING_VERSION = 1.0.0;
				PRODUCT_BUNDLE_IDENTIFIER = jp.co.hotmail.lilossa.SFSymbolsArtCollection;
				PRODUCT_NAME = "$(TARGET_NAME)";
				SWIFT_EMIT_LOC_STRINGS = YES;
				SWIFT_VERSION = 5.0;
				TARGETED_DEVICE_FAMILY = "1,2";
			};
			name = Release;
		};
/* End XCBuildConfiguration section */

/* Begin XCConfigurationList section */
		97E11D472817381100B2AB32 /* Build configuration list for PBXProject "SFSymbolsArtCollection" */ = {
			isa = XCConfigurationList;
			buildConfigurations = (
				97E11D582817381200B2AB32 /* Debug */,
				97E11D592817381200B2AB32 /* Release */,
			);
			defaultConfigurationIsVisible = 0;
			defaultConfigurationName = Release;
		};
		97E11D5A2817381200B2AB32 /* Build configuration list for PBXNativeTarget "SFSymbolsArtCollection" */ = {
			isa = XCConfigurationList;
			buildConfigurations = (
				97E11D5B2817381200B2AB32 /* Debug */,
				97E11D5C2817381200B2AB32 /* Release */,
			);
			defaultConfigurationIsVisible = 0;
			defaultConfigurationName = Release;
		};
/* End XCConfigurationList section */

/* Begin XCRemoteSwiftPackageReference section */
		97E11DEE28176A0D00B2AB32 /* XCRemoteSwiftPackageReference "SFUserFriendlySymbols" */ = {
			isa = XCRemoteSwiftPackageReference;
			repositoryURL = "https://github.com/littleossa/SFUserFriendlySymbols.git";
			requirement = {
				kind = upToNextMajorVersion;
				minimumVersion = 0.4.0;
			};
		};
/* End XCRemoteSwiftPackageReference section */

/* Begin XCSwiftPackageProductDependency section */
		97E11DEF28176A0D00B2AB32 /* SFUserFriendlySymbols */ = {
			isa = XCSwiftPackageProductDependency;
			package = 97E11DEE28176A0D00B2AB32 /* XCRemoteSwiftPackageReference "SFUserFriendlySymbols" */;
			productName = SFUserFriendlySymbols;
		};
/* End XCSwiftPackageProductDependency section */
	};
	rootObject = 97E11D442817381100B2AB32 /* Project object */;
}
