// !$*UTF8*$!
{
	archiveVersion = 1;
	classes = {
	};
	objectVersion = 55;
	objects = {

/* Begin PBXBuildFile section */
		9748BE2028939B04006DF0BE /* FlipType.swift in Sources */ = {isa = PBXBuildFile; fileRef = 9748BE1F28939B04006DF0BE /* FlipType.swift */; };
		97624C3328C4F43F004E1720 /* GeometryProxy+.swift in Sources */ = {isa = PBXBuildFile; fileRef = 97624C3228C4F43F004E1720 /* GeometryProxy+.swift */; };
		9767DEFA2B751C2C00457DA1 /* WorldPeaceArtView+CoverArt.swift in Sources */ = {isa = PBXBuildFile; fileRef = 9767DEF92B751C2C00457DA1 /* WorldPeaceArtView+CoverArt.swift */; };
		9767DF002B752E4700457DA1 /* WorldPeaceArtView.swift in Sources */ = {isa = PBXBuildFile; fileRef = 9767DEFF2B752E4700457DA1 /* WorldPeaceArtView.swift */; };
		9767DF032B759B2D00457DA1 /* PartyAnimalsArtView+CoverArt.swift in Sources */ = {isa = PBXBuildFile; fileRef = 9767DF022B759B2D00457DA1 /* PartyAnimalsArtView+CoverArt.swift */; };
		9767DF052B75AFE200457DA1 /* PartyAnimalsArtView.swift in Sources */ = {isa = PBXBuildFile; fileRef = 9767DF042B75AFE200457DA1 /* PartyAnimalsArtView.swift */; };
		9767DF0B2B75D1A100457DA1 /* SymbolArtElement.swift in Sources */ = {isa = PBXBuildFile; fileRef = 9767DF0A2B75D1A100457DA1 /* SymbolArtElement.swift */; };
		9767DF0D2B75DDEC00457DA1 /* AfroBoyArtView+Element.swift in Sources */ = {isa = PBXBuildFile; fileRef = 9767DF0C2B75DDEC00457DA1 /* AfroBoyArtView+Element.swift */; };
		9767DF0F2B75DFB400457DA1 /* SymbolArtDisplayView.swift in Sources */ = {isa = PBXBuildFile; fileRef = 9767DF0E2B75DFB400457DA1 /* SymbolArtDisplayView.swift */; };
		9767DF112B75E8FC00457DA1 /* MagicianArtView+Element.swift in Sources */ = {isa = PBXBuildFile; fileRef = 9767DF102B75E8FC00457DA1 /* MagicianArtView+Element.swift */; };
		9767DF132B75EDB700457DA1 /* CrayonBoyArtView+Element.swift in Sources */ = {isa = PBXBuildFile; fileRef = 9767DF122B75EDB700457DA1 /* CrayonBoyArtView+Element.swift */; };
		9767DF152B75F7BE00457DA1 /* WorldPeaceArtView+Element.swift in Sources */ = {isa = PBXBuildFile; fileRef = 9767DF142B75F7BE00457DA1 /* WorldPeaceArtView+Element.swift */; };
		9767DF172B75FF0700457DA1 /* PartyAnimalsArtView+Element.swift in Sources */ = {isa = PBXBuildFile; fileRef = 9767DF162B75FF0700457DA1 /* PartyAnimalsArtView+Element.swift */; };
		9767DF192B76032600457DA1 /* NosebleedArtView+Element.swift in Sources */ = {isa = PBXBuildFile; fileRef = 9767DF182B76032600457DA1 /* NosebleedArtView+Element.swift */; };
		9767DF1B2B762DA000457DA1 /* ImWearingPantsArtView+FinishPoseElement.swift in Sources */ = {isa = PBXBuildFile; fileRef = 9767DF1A2B762DA000457DA1 /* ImWearingPantsArtView+FinishPoseElement.swift */; };
		9767DF1D2B762E1200457DA1 /* ImWearingPantsArtView+Pose.swift in Sources */ = {isa = PBXBuildFile; fileRef = 9767DF1C2B762E1200457DA1 /* ImWearingPantsArtView+Pose.swift */; };
		9767DF1F2B762E9000457DA1 /* ImWearingPantsArtView+FaceElement.swift in Sources */ = {isa = PBXBuildFile; fileRef = 9767DF1E2B762E9000457DA1 /* ImWearingPantsArtView+FaceElement.swift */; };
		9767DF232B7658E200457DA1 /* ArmHairArtView+CoverArt.swift in Sources */ = {isa = PBXBuildFile; fileRef = 9767DF222B7658E200457DA1 /* ArmHairArtView+CoverArt.swift */; };
		9767DF252B76C9BE00457DA1 /* ArmHairArtView.swift in Sources */ = {isa = PBXBuildFile; fileRef = 9767DF242B76C9BE00457DA1 /* ArmHairArtView.swift */; };
		9767DF272B76CCE300457DA1 /* ArmHairArtView+Element.swift in Sources */ = {isa = PBXBuildFile; fileRef = 9767DF262B76CCE300457DA1 /* ArmHairArtView+Element.swift */; };
		9767DF292B76FF0400457DA1 /* DemonWrestlerArtView.swift in Sources */ = {isa = PBXBuildFile; fileRef = 9767DF282B76FF0400457DA1 /* DemonWrestlerArtView.swift */; };
		9767DF2B2B776D5800457DA1 /* DemonWrestlerArtView+CoverArt.swift in Sources */ = {isa = PBXBuildFile; fileRef = 9767DF2A2B776D5800457DA1 /* DemonWrestlerArtView+CoverArt.swift */; };
		9767DF2D2B776DA100457DA1 /* DemonWrestlerArtView+Element.swift in Sources */ = {isa = PBXBuildFile; fileRef = 9767DF2C2B776DA100457DA1 /* DemonWrestlerArtView+Element.swift */; };
		9778A4932B781DCE001BF9E8 /* FireworksArtView.swift in Sources */ = {isa = PBXBuildFile; fileRef = 9778A4922B781DCE001BF9E8 /* FireworksArtView.swift */; };
		9778A4952B78C076001BF9E8 /* FireworksArtView+Element.swift in Sources */ = {isa = PBXBuildFile; fileRef = 9778A4942B78C076001BF9E8 /* FireworksArtView+Element.swift */; };
		9778A4972B78C0C2001BF9E8 /* FireworksArtView+CoverArt.swift in Sources */ = {isa = PBXBuildFile; fileRef = 9778A4962B78C0C2001BF9E8 /* FireworksArtView+CoverArt.swift */; };
		9778A49D2B7974E4001BF9E8 /* SweetBeanBunManArtView.swift in Sources */ = {isa = PBXBuildFile; fileRef = 9778A49C2B7974E4001BF9E8 /* SweetBeanBunManArtView.swift */; };
		9778A49F2B7A179F001BF9E8 /* SweetBeanBunManArtWork+Element.swift in Sources */ = {isa = PBXBuildFile; fileRef = 9778A49E2B7A179F001BF9E8 /* SweetBeanBunManArtWork+Element.swift */; };
		9778A4A12B7A17CD001BF9E8 /* SweetBeanBunManArtWork+CoverArt.swift in Sources */ = {isa = PBXBuildFile; fileRef = 9778A4A02B7A17CD001BF9E8 /* SweetBeanBunManArtWork+CoverArt.swift */; };
		97AD530C2B70DA2F0034FB5D /* ArtGalleryView.swift in Sources */ = {isa = PBXBuildFile; fileRef = 97AD530B2B70DA2F0034FB5D /* ArtGalleryView.swift */; };
		97AD53102B70DE230034FB5D /* SymbolNameFrameView.swift in Sources */ = {isa = PBXBuildFile; fileRef = 97AD530F2B70DE230034FB5D /* SymbolNameFrameView.swift */; };
		97AD53122B70DEB60034FB5D /* UIDevice+.swift in Sources */ = {isa = PBXBuildFile; fileRef = 97AD53112B70DEB60034FB5D /* UIDevice+.swift */; };
		97AD53182B70DFF30034FB5D /* AnimationValues.swift in Sources */ = {isa = PBXBuildFile; fileRef = 97AD53172B70DFF30034FB5D /* AnimationValues.swift */; };
		97AD531A2B70E0530034FB5D /* Font.Weight+.swift in Sources */ = {isa = PBXBuildFile; fileRef = 97AD53192B70E0530034FB5D /* Font.Weight+.swift */; };
		97AD53222B70E3FA0034FB5D /* AnimatableSymbolView.swift in Sources */ = {isa = PBXBuildFile; fileRef = 97AD53212B70E3FA0034FB5D /* AnimatableSymbolView.swift */; };
		97AD53242B70E48F0034FB5D /* PlayButton.swift in Sources */ = {isa = PBXBuildFile; fileRef = 97AD53232B70E48F0034FB5D /* PlayButton.swift */; };
		97AD53292B7100670034FB5D /* ArtWorkModel.swift in Sources */ = {isa = PBXBuildFile; fileRef = 97AD53282B7100670034FB5D /* ArtWorkModel.swift */; };
		97AD532B2B71068B0034FB5D /* AfroBoyArtView.swift in Sources */ = {isa = PBXBuildFile; fileRef = 97AD532A2B71068B0034FB5D /* AfroBoyArtView.swift */; };
		97AD532D2B717C950034FB5D /* AfroBoyArtView+CoverArt.swift in Sources */ = {isa = PBXBuildFile; fileRef = 97AD532C2B717C950034FB5D /* AfroBoyArtView+CoverArt.swift */; };
		97AD53312B71A5130034FB5D /* GalleryGridView.swift in Sources */ = {isa = PBXBuildFile; fileRef = 97AD53302B71A5130034FB5D /* GalleryGridView.swift */; };
		97E11D502817381100B2AB32 /* SFSymbolsArtCollectionApp.swift in Sources */ = {isa = PBXBuildFile; fileRef = 97E11D4F2817381100B2AB32 /* SFSymbolsArtCollectionApp.swift */; };
		97E11D542817381200B2AB32 /* Assets.xcassets in Resources */ = {isa = PBXBuildFile; fileRef = 97E11D532817381200B2AB32 /* Assets.xcassets */; };
		97E11D572817381200B2AB32 /* Preview Assets.xcassets in Resources */ = {isa = PBXBuildFile; fileRef = 97E11D562817381200B2AB32 /* Preview Assets.xcassets */; };
		97EF438B2B725E02003648F5 /* NosebleedArtView.swift in Sources */ = {isa = PBXBuildFile; fileRef = 97EF438A2B725E02003648F5 /* NosebleedArtView.swift */; };
		97EF438D2B726CE6003648F5 /* ArtWorkModel+InitialSymbolRow.swift in Sources */ = {isa = PBXBuildFile; fileRef = 97EF438C2B726CE6003648F5 /* ArtWorkModel+InitialSymbolRow.swift */; };
		97EF43902B72D2E4003648F5 /* NosebleedArtView+CoverArt.swift in Sources */ = {isa = PBXBuildFile; fileRef = 97EF438F2B72D2E4003648F5 /* NosebleedArtView+CoverArt.swift */; };
		97EF43932B72D3E2003648F5 /* ImWearingPantsArtView+CoverArt.swift in Sources */ = {isa = PBXBuildFile; fileRef = 97EF43922B72D3E2003648F5 /* ImWearingPantsArtView+CoverArt.swift */; };
		97EF43952B72DA69003648F5 /* ImWearingPantsArtView.swift in Sources */ = {isa = PBXBuildFile; fileRef = 97EF43942B72DA69003648F5 /* ImWearingPantsArtView.swift */; };
		97EF43982B733337003648F5 /* MagicianArtView.swift in Sources */ = {isa = PBXBuildFile; fileRef = 97EF43972B733337003648F5 /* MagicianArtView.swift */; };
		97EF439C2B7421A7003648F5 /* MagicianArtView+CoverArt.swift in Sources */ = {isa = PBXBuildFile; fileRef = 97EF439B2B7421A7003648F5 /* MagicianArtView+CoverArt.swift */; };
		97EF439E2B744C4C003648F5 /* Color+.swift in Sources */ = {isa = PBXBuildFile; fileRef = 97EF439D2B744C4C003648F5 /* Color+.swift */; };
		97EF43A12B74CA38003648F5 /* CrayonBoyArtView+CoverArt.swift in Sources */ = {isa = PBXBuildFile; fileRef = 97EF43A02B74CA38003648F5 /* CrayonBoyArtView+CoverArt.swift */; };
		97EF43A52B74F27D003648F5 /* CrayonBoyArtView.swift in Sources */ = {isa = PBXBuildFile; fileRef = 97EF43A42B74F27D003648F5 /* CrayonBoyArtView.swift */; };
/* End PBXBuildFile section */

/* Begin PBXFileReference section */
		9748BE1F28939B04006DF0BE /* FlipType.swift */ = {isa = PBXFileReference; lastKnownFileType = sourcecode.swift; path = FlipType.swift; sourceTree = "<group>"; };
		9748BE62289F4BFB006DF0BE /* Info.plist */ = {isa = PBXFileReference; lastKnownFileType = text.plist; path = Info.plist; sourceTree = "<group>"; };
		97624C3228C4F43F004E1720 /* GeometryProxy+.swift */ = {isa = PBXFileReference; lastKnownFileType = sourcecode.swift; path = "GeometryProxy+.swift"; sourceTree = "<group>"; };
		9767DEF92B751C2C00457DA1 /* WorldPeaceArtView+CoverArt.swift */ = {isa = PBXFileReference; lastKnownFileType = sourcecode.swift; path = "WorldPeaceArtView+CoverArt.swift"; sourceTree = "<group>"; };
		9767DEFF2B752E4700457DA1 /* WorldPeaceArtView.swift */ = {isa = PBXFileReference; lastKnownFileType = sourcecode.swift; path = WorldPeaceArtView.swift; sourceTree = "<group>"; };
		9767DF022B759B2D00457DA1 /* PartyAnimalsArtView+CoverArt.swift */ = {isa = PBXFileReference; lastKnownFileType = sourcecode.swift; path = "PartyAnimalsArtView+CoverArt.swift"; sourceTree = "<group>"; };
		9767DF042B75AFE200457DA1 /* PartyAnimalsArtView.swift */ = {isa = PBXFileReference; lastKnownFileType = sourcecode.swift; path = PartyAnimalsArtView.swift; sourceTree = "<group>"; };
		9767DF0A2B75D1A100457DA1 /* SymbolArtElement.swift */ = {isa = PBXFileReference; lastKnownFileType = sourcecode.swift; path = SymbolArtElement.swift; sourceTree = "<group>"; };
		9767DF0C2B75DDEC00457DA1 /* AfroBoyArtView+Element.swift */ = {isa = PBXFileReference; lastKnownFileType = sourcecode.swift; path = "AfroBoyArtView+Element.swift"; sourceTree = "<group>"; };
		9767DF0E2B75DFB400457DA1 /* SymbolArtDisplayView.swift */ = {isa = PBXFileReference; lastKnownFileType = sourcecode.swift; path = SymbolArtDisplayView.swift; sourceTree = "<group>"; };
		9767DF102B75E8FC00457DA1 /* MagicianArtView+Element.swift */ = {isa = PBXFileReference; lastKnownFileType = sourcecode.swift; path = "MagicianArtView+Element.swift"; sourceTree = "<group>"; };
		9767DF122B75EDB700457DA1 /* CrayonBoyArtView+Element.swift */ = {isa = PBXFileReference; lastKnownFileType = sourcecode.swift; path = "CrayonBoyArtView+Element.swift"; sourceTree = "<group>"; };
		9767DF142B75F7BE00457DA1 /* WorldPeaceArtView+Element.swift */ = {isa = PBXFileReference; lastKnownFileType = sourcecode.swift; path = "WorldPeaceArtView+Element.swift"; sourceTree = "<group>"; };
		9767DF162B75FF0700457DA1 /* PartyAnimalsArtView+Element.swift */ = {isa = PBXFileReference; lastKnownFileType = sourcecode.swift; path = "PartyAnimalsArtView+Element.swift"; sourceTree = "<group>"; };
		9767DF182B76032600457DA1 /* NosebleedArtView+Element.swift */ = {isa = PBXFileReference; lastKnownFileType = sourcecode.swift; path = "NosebleedArtView+Element.swift"; sourceTree = "<group>"; };
		9767DF1A2B762DA000457DA1 /* ImWearingPantsArtView+FinishPoseElement.swift */ = {isa = PBXFileReference; lastKnownFileType = sourcecode.swift; path = "ImWearingPantsArtView+FinishPoseElement.swift"; sourceTree = "<group>"; };
		9767DF1C2B762E1200457DA1 /* ImWearingPantsArtView+Pose.swift */ = {isa = PBXFileReference; lastKnownFileType = sourcecode.swift; path = "ImWearingPantsArtView+Pose.swift"; sourceTree = "<group>"; };
		9767DF1E2B762E9000457DA1 /* ImWearingPantsArtView+FaceElement.swift */ = {isa = PBXFileReference; lastKnownFileType = sourcecode.swift; path = "ImWearingPantsArtView+FaceElement.swift"; sourceTree = "<group>"; };
		9767DF222B7658E200457DA1 /* ArmHairArtView+CoverArt.swift */ = {isa = PBXFileReference; lastKnownFileType = sourcecode.swift; path = "ArmHairArtView+CoverArt.swift"; sourceTree = "<group>"; };
		9767DF242B76C9BE00457DA1 /* ArmHairArtView.swift */ = {isa = PBXFileReference; lastKnownFileType = sourcecode.swift; path = ArmHairArtView.swift; sourceTree = "<group>"; };
		9767DF262B76CCE300457DA1 /* ArmHairArtView+Element.swift */ = {isa = PBXFileReference; lastKnownFileType = sourcecode.swift; path = "ArmHairArtView+Element.swift"; sourceTree = "<group>"; };
		9767DF282B76FF0400457DA1 /* DemonWrestlerArtView.swift */ = {isa = PBXFileReference; lastKnownFileType = sourcecode.swift; path = DemonWrestlerArtView.swift; sourceTree = "<group>"; };
		9767DF2A2B776D5800457DA1 /* DemonWrestlerArtView+CoverArt.swift */ = {isa = PBXFileReference; lastKnownFileType = sourcecode.swift; path = "DemonWrestlerArtView+CoverArt.swift"; sourceTree = "<group>"; };
		9767DF2C2B776DA100457DA1 /* DemonWrestlerArtView+Element.swift */ = {isa = PBXFileReference; lastKnownFileType = sourcecode.swift; path = "DemonWrestlerArtView+Element.swift"; sourceTree = "<group>"; };
		9778A4922B781DCE001BF9E8 /* FireworksArtView.swift */ = {isa = PBXFileReference; lastKnownFileType = sourcecode.swift; path = FireworksArtView.swift; sourceTree = "<group>"; };
		9778A4942B78C076001BF9E8 /* FireworksArtView+Element.swift */ = {isa = PBXFileReference; lastKnownFileType = sourcecode.swift; path = "FireworksArtView+Element.swift"; sourceTree = "<group>"; };
		9778A4962B78C0C2001BF9E8 /* FireworksArtView+CoverArt.swift */ = {isa = PBXFileReference; lastKnownFileType = sourcecode.swift; path = "FireworksArtView+CoverArt.swift"; sourceTree = "<group>"; };
		9778A49C2B7974E4001BF9E8 /* SweetBeanBunManArtView.swift */ = {isa = PBXFileReference; lastKnownFileType = sourcecode.swift; path = SweetBeanBunManArtView.swift; sourceTree = "<group>"; };
		9778A49E2B7A179F001BF9E8 /* SweetBeanBunManArtWork+Element.swift */ = {isa = PBXFileReference; lastKnownFileType = sourcecode.swift; path = "SweetBeanBunManArtWork+Element.swift"; sourceTree = "<group>"; };
		9778A4A02B7A17CD001BF9E8 /* SweetBeanBunManArtWork+CoverArt.swift */ = {isa = PBXFileReference; lastKnownFileType = sourcecode.swift; path = "SweetBeanBunManArtWork+CoverArt.swift"; sourceTree = "<group>"; };
		97AD530B2B70DA2F0034FB5D /* ArtGalleryView.swift */ = {isa = PBXFileReference; lastKnownFileType = sourcecode.swift; path = ArtGalleryView.swift; sourceTree = "<group>"; };
		97AD530F2B70DE230034FB5D /* SymbolNameFrameView.swift */ = {isa = PBXFileReference; lastKnownFileType = sourcecode.swift; path = SymbolNameFrameView.swift; sourceTree = "<group>"; };
		97AD53112B70DEB60034FB5D /* UIDevice+.swift */ = {isa = PBXFileReference; lastKnownFileType = sourcecode.swift; path = "UIDevice+.swift"; sourceTree = "<group>"; };
		97AD53172B70DFF30034FB5D /* AnimationValues.swift */ = {isa = PBXFileReference; lastKnownFileType = sourcecode.swift; path = AnimationValues.swift; sourceTree = "<group>"; };
		97AD53192B70E0530034FB5D /* Font.Weight+.swift */ = {isa = PBXFileReference; lastKnownFileType = sourcecode.swift; path = "Font.Weight+.swift"; sourceTree = "<group>"; };
		97AD53212B70E3FA0034FB5D /* AnimatableSymbolView.swift */ = {isa = PBXFileReference; lastKnownFileType = sourcecode.swift; path = AnimatableSymbolView.swift; sourceTree = "<group>"; };
		97AD53232B70E48F0034FB5D /* PlayButton.swift */ = {isa = PBXFileReference; lastKnownFileType = sourcecode.swift; path = PlayButton.swift; sourceTree = "<group>"; };
		97AD53282B7100670034FB5D /* ArtWorkModel.swift */ = {isa = PBXFileReference; lastKnownFileType = sourcecode.swift; path = ArtWorkModel.swift; sourceTree = "<group>"; };
		97AD532A2B71068B0034FB5D /* AfroBoyArtView.swift */ = {isa = PBXFileReference; lastKnownFileType = sourcecode.swift; path = AfroBoyArtView.swift; sourceTree = "<group>"; };
		97AD532C2B717C950034FB5D /* AfroBoyArtView+CoverArt.swift */ = {isa = PBXFileReference; lastKnownFileType = sourcecode.swift; path = "AfroBoyArtView+CoverArt.swift"; sourceTree = "<group>"; };
		97AD53302B71A5130034FB5D /* GalleryGridView.swift */ = {isa = PBXFileReference; lastKnownFileType = sourcecode.swift; path = GalleryGridView.swift; sourceTree = "<group>"; };
		97E11D4C2817381100B2AB32 /* SFSymbolsArtCollection.app */ = {isa = PBXFileReference; explicitFileType = wrapper.application; includeInIndex = 0; path = SFSymbolsArtCollection.app; sourceTree = BUILT_PRODUCTS_DIR; };
		97E11D4F2817381100B2AB32 /* SFSymbolsArtCollectionApp.swift */ = {isa = PBXFileReference; lastKnownFileType = sourcecode.swift; path = SFSymbolsArtCollectionApp.swift; sourceTree = "<group>"; };
		97E11D532817381200B2AB32 /* Assets.xcassets */ = {isa = PBXFileReference; lastKnownFileType = folder.assetcatalog; path = Assets.xcassets; sourceTree = "<group>"; };
		97E11D562817381200B2AB32 /* Preview Assets.xcassets */ = {isa = PBXFileReference; lastKnownFileType = folder.assetcatalog; path = "Preview Assets.xcassets"; sourceTree = "<group>"; };
		97EF438A2B725E02003648F5 /* NosebleedArtView.swift */ = {isa = PBXFileReference; lastKnownFileType = sourcecode.swift; path = NosebleedArtView.swift; sourceTree = "<group>"; };
		97EF438C2B726CE6003648F5 /* ArtWorkModel+InitialSymbolRow.swift */ = {isa = PBXFileReference; lastKnownFileType = sourcecode.swift; path = "ArtWorkModel+InitialSymbolRow.swift"; sourceTree = "<group>"; };
		97EF438F2B72D2E4003648F5 /* NosebleedArtView+CoverArt.swift */ = {isa = PBXFileReference; lastKnownFileType = sourcecode.swift; path = "NosebleedArtView+CoverArt.swift"; sourceTree = "<group>"; };
		97EF43922B72D3E2003648F5 /* ImWearingPantsArtView+CoverArt.swift */ = {isa = PBXFileReference; lastKnownFileType = sourcecode.swift; path = "ImWearingPantsArtView+CoverArt.swift"; sourceTree = "<group>"; };
		97EF43942B72DA69003648F5 /* ImWearingPantsArtView.swift */ = {isa = PBXFileReference; lastKnownFileType = sourcecode.swift; path = ImWearingPantsArtView.swift; sourceTree = "<group>"; };
		97EF43972B733337003648F5 /* MagicianArtView.swift */ = {isa = PBXFileReference; lastKnownFileType = sourcecode.swift; path = MagicianArtView.swift; sourceTree = "<group>"; };
		97EF439B2B7421A7003648F5 /* MagicianArtView+CoverArt.swift */ = {isa = PBXFileReference; lastKnownFileType = sourcecode.swift; path = "MagicianArtView+CoverArt.swift"; sourceTree = "<group>"; };
		97EF439D2B744C4C003648F5 /* Color+.swift */ = {isa = PBXFileReference; lastKnownFileType = sourcecode.swift; path = "Color+.swift"; sourceTree = "<group>"; };
		97EF43A02B74CA38003648F5 /* CrayonBoyArtView+CoverArt.swift */ = {isa = PBXFileReference; lastKnownFileType = sourcecode.swift; path = "CrayonBoyArtView+CoverArt.swift"; sourceTree = "<group>"; };
		97EF43A42B74F27D003648F5 /* CrayonBoyArtView.swift */ = {isa = PBXFileReference; lastKnownFileType = sourcecode.swift; path = CrayonBoyArtView.swift; sourceTree = "<group>"; };
/* End PBXFileReference section */

/* Begin PBXFrameworksBuildPhase section */
		97E11D492817381100B2AB32 /* Frameworks */ = {
			isa = PBXFrameworksBuildPhase;
			buildActionMask = 2147483647;
			files = (
			);
			runOnlyForDeploymentPostprocessing = 0;
		};
/* End PBXFrameworksBuildPhase section */

/* Begin PBXGroup section */
		9748BE1E28939AE5006DF0BE /* Enums */ = {
			isa = PBXGroup;
			children = (
				9748BE1F28939B04006DF0BE /* FlipType.swift */,
			);
			path = Enums;
			sourceTree = "<group>";
		};
		9748BE4428980FE4006DF0BE /* DemonWrestler */ = {
			isa = PBXGroup;
			children = (
				9767DF282B76FF0400457DA1 /* DemonWrestlerArtView.swift */,
				9767DF2C2B776DA100457DA1 /* DemonWrestlerArtView+Element.swift */,
				9767DF2A2B776D5800457DA1 /* DemonWrestlerArtView+CoverArt.swift */,
			);
			path = DemonWrestler;
			sourceTree = "<group>";
		};
		9767DEF82B751C1300457DA1 /* WorldPeace */ = {
			isa = PBXGroup;
			children = (
				9767DEFF2B752E4700457DA1 /* WorldPeaceArtView.swift */,
				9767DF142B75F7BE00457DA1 /* WorldPeaceArtView+Element.swift */,
				9767DEF92B751C2C00457DA1 /* WorldPeaceArtView+CoverArt.swift */,
			);
			path = WorldPeace;
			sourceTree = "<group>";
		};
		9767DF012B759AFC00457DA1 /* PartyAnimals */ = {
			isa = PBXGroup;
			children = (
				9767DF042B75AFE200457DA1 /* PartyAnimalsArtView.swift */,
				9767DF162B75FF0700457DA1 /* PartyAnimalsArtView+Element.swift */,
				9767DF022B759B2D00457DA1 /* PartyAnimalsArtView+CoverArt.swift */,
			);
			path = PartyAnimals;
			sourceTree = "<group>";
		};
		9767DF212B7658CB00457DA1 /* ArmHair */ = {
			isa = PBXGroup;
			children = (
				9767DF242B76C9BE00457DA1 /* ArmHairArtView.swift */,
				9767DF262B76CCE300457DA1 /* ArmHairArtView+Element.swift */,
				9767DF222B7658E200457DA1 /* ArmHairArtView+CoverArt.swift */,
			);
			path = ArmHair;
			sourceTree = "<group>";
		};
		9778A4912B781DA6001BF9E8 /* Fireworks */ = {
			isa = PBXGroup;
			children = (
				9778A4922B781DCE001BF9E8 /* FireworksArtView.swift */,
				9778A4942B78C076001BF9E8 /* FireworksArtView+Element.swift */,
				9778A4962B78C0C2001BF9E8 /* FireworksArtView+CoverArt.swift */,
			);
			path = Fireworks;
			sourceTree = "<group>";
		};
		9778A49B2B7974A3001BF9E8 /* SweetBeanBunMan */ = {
			isa = PBXGroup;
			children = (
				9778A49C2B7974E4001BF9E8 /* SweetBeanBunManArtView.swift */,
				9778A49E2B7A179F001BF9E8 /* SweetBeanBunManArtWork+Element.swift */,
				9778A4A02B7A17CD001BF9E8 /* SweetBeanBunManArtWork+CoverArt.swift */,
			);
			path = SweetBeanBunMan;
			sourceTree = "<group>";
		};
		97AD530D2B70DBC70034FB5D /* ArtisticWorldOfSFSymbols */ = {
			isa = PBXGroup;
			children = (
				97AD530B2B70DA2F0034FB5D /* ArtGalleryView.swift */,
				97AD531B2B70E0A10034FB5D /* ArtWorks */,
				97AD530E2B70DDD10034FB5D /* Common */,
				97E11E412819727A00B2AB32 /* Extensions */,
			);
			path = ArtisticWorldOfSFSymbols;
			sourceTree = "<group>";
		};
		97AD530E2B70DDD10034FB5D /* Common */ = {
			isa = PBXGroup;
			children = (
				9748BE1E28939AE5006DF0BE /* Enums */,
				97AD53142B70DF8A0034FB5D /* Models */,
				97AD53132B70DF5A0034FB5D /* Views */,
			);
			path = Common;
			sourceTree = "<group>";
		};
		97AD53132B70DF5A0034FB5D /* Views */ = {
			isa = PBXGroup;
			children = (
				97AD53252B70E4DA0034FB5D /* AnimatableSymbolView */,
				97AD53302B71A5130034FB5D /* GalleryGridView.swift */,
				97AD53232B70E48F0034FB5D /* PlayButton.swift */,
			);
			path = Views;
			sourceTree = "<group>";
		};
		97AD53142B70DF8A0034FB5D /* Models */ = {
			isa = PBXGroup;
			children = (
				97EF438E2B726D66003648F5 /* ArtWorkModel */,
				97AD53172B70DFF30034FB5D /* AnimationValues.swift */,
				9767DF0A2B75D1A100457DA1 /* SymbolArtElement.swift */,
			);
			path = Models;
			sourceTree = "<group>";
		};
		97AD531B2B70E0A10034FB5D /* ArtWorks */ = {
			isa = PBXGroup;
			children = (
				97EF43962B7332FB003648F5 /* Magician */,
				97EF439F2B74CA22003648F5 /* CrayonBoy */,
				9767DEF82B751C1300457DA1 /* WorldPeace */,
				9767DF012B759AFC00457DA1 /* PartyAnimals */,
				9767DF212B7658CB00457DA1 /* ArmHair */,
				9748BE4428980FE4006DF0BE /* DemonWrestler */,
				9778A4912B781DA6001BF9E8 /* Fireworks */,
				97AD531E2B70E2770034FB5D /* AfroBoy */,
				9778A49B2B7974A3001BF9E8 /* SweetBeanBunMan */,
				97EF43892B725DE7003648F5 /* Nosebleed */,
				97EF43912B72D3AF003648F5 /* ImWearingPants */,
			);
			path = ArtWorks;
			sourceTree = "<group>";
		};
		97AD531E2B70E2770034FB5D /* AfroBoy */ = {
			isa = PBXGroup;
			children = (
				97AD532A2B71068B0034FB5D /* AfroBoyArtView.swift */,
				9767DF0C2B75DDEC00457DA1 /* AfroBoyArtView+Element.swift */,
				97AD532C2B717C950034FB5D /* AfroBoyArtView+CoverArt.swift */,
			);
			path = AfroBoy;
			sourceTree = "<group>";
		};
		97AD53252B70E4DA0034FB5D /* AnimatableSymbolView */ = {
			isa = PBXGroup;
			children = (
				97AD53212B70E3FA0034FB5D /* AnimatableSymbolView.swift */,
				9767DF0E2B75DFB400457DA1 /* SymbolArtDisplayView.swift */,
				97AD530F2B70DE230034FB5D /* SymbolNameFrameView.swift */,
			);
			path = AnimatableSymbolView;
			sourceTree = "<group>";
		};
		97E11D432817381100B2AB32 = {
			isa = PBXGroup;
			children = (
				97E11D4E2817381100B2AB32 /* SFSymbolsArtCollection */,
				97E11D4D2817381100B2AB32 /* Products */,
			);
			sourceTree = "<group>";
		};
		97E11D4D2817381100B2AB32 /* Products */ = {
			isa = PBXGroup;
			children = (
				97E11D4C2817381100B2AB32 /* SFSymbolsArtCollection.app */,
			);
			name = Products;
			sourceTree = "<group>";
		};
		97E11D4E2817381100B2AB32 /* SFSymbolsArtCollection */ = {
			isa = PBXGroup;
			children = (
				9748BE62289F4BFB006DF0BE /* Info.plist */,
				97E11D4F2817381100B2AB32 /* SFSymbolsArtCollectionApp.swift */,
				97AD530D2B70DBC70034FB5D /* ArtisticWorldOfSFSymbols */,
				97E11D532817381200B2AB32 /* Assets.xcassets */,
				97E11D552817381200B2AB32 /* Preview Content */,
			);
			path = SFSymbolsArtCollection;
			sourceTree = "<group>";
		};
		97E11D552817381200B2AB32 /* Preview Content */ = {
			isa = PBXGroup;
			children = (
				97E11D562817381200B2AB32 /* Preview Assets.xcassets */,
			);
			path = "Preview Content";
			sourceTree = "<group>";
		};
		97E11E412819727A00B2AB32 /* Extensions */ = {
			isa = PBXGroup;
			children = (
				97EF439D2B744C4C003648F5 /* Color+.swift */,
				97624C3228C4F43F004E1720 /* GeometryProxy+.swift */,
				97AD53112B70DEB60034FB5D /* UIDevice+.swift */,
				97AD53192B70E0530034FB5D /* Font.Weight+.swift */,
			);
			path = Extensions;
			sourceTree = "<group>";
		};
		97EF43892B725DE7003648F5 /* Nosebleed */ = {
			isa = PBXGroup;
			children = (
				97EF438A2B725E02003648F5 /* NosebleedArtView.swift */,
				9767DF182B76032600457DA1 /* NosebleedArtView+Element.swift */,
				97EF438F2B72D2E4003648F5 /* NosebleedArtView+CoverArt.swift */,
			);
			path = Nosebleed;
			sourceTree = "<group>";
		};
		97EF438E2B726D66003648F5 /* ArtWorkModel */ = {
			isa = PBXGroup;
			children = (
				97AD53282B7100670034FB5D /* ArtWorkModel.swift */,
				97EF438C2B726CE6003648F5 /* ArtWorkModel+InitialSymbolRow.swift */,
			);
			path = ArtWorkModel;
			sourceTree = "<group>";
		};
		97EF43912B72D3AF003648F5 /* ImWearingPants */ = {
			isa = PBXGroup;
			children = (
				97EF43942B72DA69003648F5 /* ImWearingPantsArtView.swift */,
				97EF43922B72D3E2003648F5 /* ImWearingPantsArtView+CoverArt.swift */,
				9767DF1E2B762E9000457DA1 /* ImWearingPantsArtView+FaceElement.swift */,
				9767DF1A2B762DA000457DA1 /* ImWearingPantsArtView+FinishPoseElement.swift */,
				9767DF1C2B762E1200457DA1 /* ImWearingPantsArtView+Pose.swift */,
			);
			path = ImWearingPants;
			sourceTree = "<group>";
		};
		97EF43962B7332FB003648F5 /* Magician */ = {
			isa = PBXGroup;
			children = (
				97EF43972B733337003648F5 /* MagicianArtView.swift */,
				9767DF102B75E8FC00457DA1 /* MagicianArtView+Element.swift */,
				97EF439B2B7421A7003648F5 /* MagicianArtView+CoverArt.swift */,
			);
			path = Magician;
			sourceTree = "<group>";
		};
		97EF439F2B74CA22003648F5 /* CrayonBoy */ = {
			isa = PBXGroup;
			children = (
				97EF43A42B74F27D003648F5 /* CrayonBoyArtView.swift */,
				9767DF122B75EDB700457DA1 /* CrayonBoyArtView+Element.swift */,
				97EF43A02B74CA38003648F5 /* CrayonBoyArtView+CoverArt.swift */,
			);
			path = CrayonBoy;
			sourceTree = "<group>";
		};
/* End PBXGroup section */

/* Begin PBXNativeTarget section */
		97E11D4B2817381100B2AB32 /* SFSymbolsArtCollection */ = {
			isa = PBXNativeTarget;
			buildConfigurationList = 97E11D5A2817381200B2AB32 /* Build configuration list for PBXNativeTarget "SFSymbolsArtCollection" */;
			buildPhases = (
				97E11D482817381100B2AB32 /* Sources */,
				97E11D492817381100B2AB32 /* Frameworks */,
				97E11D4A2817381100B2AB32 /* Resources */,
			);
			buildRules = (
			);
			dependencies = (
			);
			name = SFSymbolsArtCollection;
			packageProductDependencies = (
			);
			productName = SFSymbolsArtCollection;
			productReference = 97E11D4C2817381100B2AB32 /* SFSymbolsArtCollection.app */;
			productType = "com.apple.product-type.application";
		};
/* End PBXNativeTarget section */

/* Begin PBXProject section */
		97E11D442817381100B2AB32 /* Project object */ = {
			isa = PBXProject;
			attributes = {
				BuildIndependentTargetsInParallel = 1;
				LastSwiftUpdateCheck = 1330;
				LastUpgradeCheck = 1520;
				TargetAttributes = {
					97E11D4B2817381100B2AB32 = {
						CreatedOnToolsVersion = 13.3;
					};
				};
			};
			buildConfigurationList = 97E11D472817381100B2AB32 /* Build configuration list for PBXProject "SFSymbolsArtCollection" */;
			compatibilityVersion = "Xcode 13.0";
			developmentRegion = en;
			hasScannedForEncodings = 0;
			knownRegions = (
				en,
				Base,
			);
			mainGroup = 97E11D432817381100B2AB32;
			packageReferences = (
			);
			productRefGroup = 97E11D4D2817381100B2AB32 /* Products */;
			projectDirPath = "";
			projectRoot = "";
			targets = (
				97E11D4B2817381100B2AB32 /* SFSymbolsArtCollection */,
			);
		};
/* End PBXProject section */

/* Begin PBXResourcesBuildPhase section */
		97E11D4A2817381100B2AB32 /* Resources */ = {
			isa = PBXResourcesBuildPhase;
			buildActionMask = 2147483647;
			files = (
				97E11D572817381200B2AB32 /* Preview Assets.xcassets in Resources */,
				97E11D542817381200B2AB32 /* Assets.xcassets in Resources */,
			);
			runOnlyForDeploymentPostprocessing = 0;
		};
/* End PBXResourcesBuildPhase section */

/* Begin PBXSourcesBuildPhase section */
		97E11D482817381100B2AB32 /* Sources */ = {
			isa = PBXSourcesBuildPhase;
			buildActionMask = 2147483647;
			files = (
				9767DF192B76032600457DA1 /* NosebleedArtView+Element.swift in Sources */,
				9767DF172B75FF0700457DA1 /* PartyAnimalsArtView+Element.swift in Sources */,
				9767DF0D2B75DDEC00457DA1 /* AfroBoyArtView+Element.swift in Sources */,
				97EF43932B72D3E2003648F5 /* ImWearingPantsArtView+CoverArt.swift in Sources */,
				9778A4952B78C076001BF9E8 /* FireworksArtView+Element.swift in Sources */,
				97EF439E2B744C4C003648F5 /* Color+.swift in Sources */,
				9767DF2B2B776D5800457DA1 /* DemonWrestlerArtView+CoverArt.swift in Sources */,
				9767DF2D2B776DA100457DA1 /* DemonWrestlerArtView+Element.swift in Sources */,
				9767DF002B752E4700457DA1 /* WorldPeaceArtView.swift in Sources */,
				9778A4A12B7A17CD001BF9E8 /* SweetBeanBunManArtWork+CoverArt.swift in Sources */,
				9767DF132B75EDB700457DA1 /* CrayonBoyArtView+Element.swift in Sources */,
				97AD532D2B717C950034FB5D /* AfroBoyArtView+CoverArt.swift in Sources */,
				9778A49F2B7A179F001BF9E8 /* SweetBeanBunManArtWork+Element.swift in Sources */,
				97EF438B2B725E02003648F5 /* NosebleedArtView.swift in Sources */,
				9778A4932B781DCE001BF9E8 /* FireworksArtView.swift in Sources */,
				97AD53182B70DFF30034FB5D /* AnimationValues.swift in Sources */,
				9767DF152B75F7BE00457DA1 /* WorldPeaceArtView+Element.swift in Sources */,
				97EF43982B733337003648F5 /* MagicianArtView.swift in Sources */,
				9767DEFA2B751C2C00457DA1 /* WorldPeaceArtView+CoverArt.swift in Sources */,
				97AD53242B70E48F0034FB5D /* PlayButton.swift in Sources */,
				9748BE2028939B04006DF0BE /* FlipType.swift in Sources */,
				97AD531A2B70E0530034FB5D /* Font.Weight+.swift in Sources */,
				97AD53122B70DEB60034FB5D /* UIDevice+.swift in Sources */,
				97AD53312B71A5130034FB5D /* GalleryGridView.swift in Sources */,
				97AD530C2B70DA2F0034FB5D /* ArtGalleryView.swift in Sources */,
				9778A4972B78C0C2001BF9E8 /* FireworksArtView+CoverArt.swift in Sources */,
				9767DF272B76CCE300457DA1 /* ArmHairArtView+Element.swift in Sources */,
				9767DF292B76FF0400457DA1 /* DemonWrestlerArtView.swift in Sources */,
				97AD532B2B71068B0034FB5D /* AfroBoyArtView.swift in Sources */,
				97624C3328C4F43F004E1720 /* GeometryProxy+.swift in Sources */,
				97EF43952B72DA69003648F5 /* ImWearingPantsArtView.swift in Sources */,
				9767DF232B7658E200457DA1 /* ArmHairArtView+CoverArt.swift in Sources */,
				9767DF1D2B762E1200457DA1 /* ImWearingPantsArtView+Pose.swift in Sources */,
				97AD53292B7100670034FB5D /* ArtWorkModel.swift in Sources */,
				97EF439C2B7421A7003648F5 /* MagicianArtView+CoverArt.swift in Sources */,
				97EF438D2B726CE6003648F5 /* ArtWorkModel+InitialSymbolRow.swift in Sources */,
				9767DF1B2B762DA000457DA1 /* ImWearingPantsArtView+FinishPoseElement.swift in Sources */,
				97EF43A52B74F27D003648F5 /* CrayonBoyArtView.swift in Sources */,
				9767DF052B75AFE200457DA1 /* PartyAnimalsArtView.swift in Sources */,
				9767DF1F2B762E9000457DA1 /* ImWearingPantsArtView+FaceElement.swift in Sources */,
				97AD53222B70E3FA0034FB5D /* AnimatableSymbolView.swift in Sources */,
				9767DF032B759B2D00457DA1 /* PartyAnimalsArtView+CoverArt.swift in Sources */,
				9767DF0B2B75D1A100457DA1 /* SymbolArtElement.swift in Sources */,
				97EF43A12B74CA38003648F5 /* CrayonBoyArtView+CoverArt.swift in Sources */,
				97EF43902B72D2E4003648F5 /* NosebleedArtView+CoverArt.swift in Sources */,
				9767DF112B75E8FC00457DA1 /* MagicianArtView+Element.swift in Sources */,
				9767DF0F2B75DFB400457DA1 /* SymbolArtDisplayView.swift in Sources */,
				9778A49D2B7974E4001BF9E8 /* SweetBeanBunManArtView.swift in Sources */,
				9767DF252B76C9BE00457DA1 /* ArmHairArtView.swift in Sources */,
				97E11D502817381100B2AB32 /* SFSymbolsArtCollectionApp.swift in Sources */,
				97AD53102B70DE230034FB5D /* SymbolNameFrameView.swift in Sources */,
			);
			runOnlyForDeploymentPostprocessing = 0;
		};
/* End PBXSourcesBuildPhase section */

/* Begin XCBuildConfiguration section */
		97E11D582817381200B2AB32 /* Debug */ = {
			isa = XCBuildConfiguration;
			buildSettings = {
				ALWAYS_SEARCH_USER_PATHS = NO;
				ASSETCATALOG_COMPILER_GENERATE_SWIFT_ASSET_SYMBOL_EXTENSIONS = YES;
				CLANG_ANALYZER_NONNULL = YES;
				CLANG_ANALYZER_NUMBER_OBJECT_CONVERSION = YES_AGGRESSIVE;
				CLANG_CXX_LANGUAGE_STANDARD = "gnu++17";
				CLANG_ENABLE_MODULES = YES;
				CLANG_ENABLE_OBJC_ARC = YES;
				CLANG_ENABLE_OBJC_WEAK = YES;
				CLANG_WARN_BLOCK_CAPTURE_AUTORELEASING = YES;
				CLANG_WARN_BOOL_CONVERSION = YES;
				CLANG_WARN_COMMA = YES;
				CLANG_WARN_CONSTANT_CONVERSION = YES;
				CLANG_WARN_DEPRECATED_OBJC_IMPLEMENTATIONS = YES;
				CLANG_WARN_DIRECT_OBJC_ISA_USAGE = YES_ERROR;
				CLANG_WARN_DOCUMENTATION_COMMENTS = YES;
				CLANG_WARN_EMPTY_BODY = YES;
				CLANG_WARN_ENUM_CONVERSION = YES;
				CLANG_WARN_INFINITE_RECURSION = YES;
				CLANG_WARN_INT_CONVERSION = YES;
				CLANG_WARN_NON_LITERAL_NULL_CONVERSION = YES;
				CLANG_WARN_OBJC_IMPLICIT_RETAIN_SELF = YES;
				CLANG_WARN_OBJC_LITERAL_CONVERSION = YES;
				CLANG_WARN_OBJC_ROOT_CLASS = YES_ERROR;
				CLANG_WARN_QUOTED_INCLUDE_IN_FRAMEWORK_HEADER = YES;
				CLANG_WARN_RANGE_LOOP_ANALYSIS = YES;
				CLANG_WARN_STRICT_PROTOTYPES = YES;
				CLANG_WARN_SUSPICIOUS_MOVE = YES;
				CLANG_WARN_UNGUARDED_AVAILABILITY = YES_AGGRESSIVE;
				CLANG_WARN_UNREACHABLE_CODE = YES;
				CLANG_WARN__DUPLICATE_METHOD_MATCH = YES;
				COPY_PHASE_STRIP = NO;
				DEBUG_INFORMATION_FORMAT = dwarf;
				ENABLE_STRICT_OBJC_MSGSEND = YES;
				ENABLE_TESTABILITY = YES;
				ENABLE_USER_SCRIPT_SANDBOXING = YES;
				GCC_C_LANGUAGE_STANDARD = gnu11;
				GCC_DYNAMIC_NO_PIC = NO;
				GCC_NO_COMMON_BLOCKS = YES;
				GCC_OPTIMIZATION_LEVEL = 0;
				GCC_PREPROCESSOR_DEFINITIONS = (
					"DEBUG=1",
					"$(inherited)",
				);
				GCC_WARN_64_TO_32_BIT_CONVERSION = YES;
				GCC_WARN_ABOUT_RETURN_TYPE = YES_ERROR;
				GCC_WARN_UNDECLARED_SELECTOR = YES;
				GCC_WARN_UNINITIALIZED_AUTOS = YES_AGGRESSIVE;
				GCC_WARN_UNUSED_FUNCTION = YES;
				GCC_WARN_UNUSED_VARIABLE = YES;
				IPHONEOS_DEPLOYMENT_TARGET = 15.4;
				MTL_ENABLE_DEBUG_INFO = INCLUDE_SOURCE;
				MTL_FAST_MATH = YES;
				ONLY_ACTIVE_ARCH = YES;
				SDKROOT = iphoneos;
				SWIFT_ACTIVE_COMPILATION_CONDITIONS = DEBUG;
				SWIFT_OPTIMIZATION_LEVEL = "-Onone";
			};
			name = Debug;
		};
		97E11D592817381200B2AB32 /* Release */ = {
			isa = XCBuildConfiguration;
			buildSettings = {
				ALWAYS_SEARCH_USER_PATHS = NO;
				ASSETCATALOG_COMPILER_GENERATE_SWIFT_ASSET_SYMBOL_EXTENSIONS = YES;
				CLANG_ANALYZER_NONNULL = YES;
				CLANG_ANALYZER_NUMBER_OBJECT_CONVERSION = YES_AGGRESSIVE;
				CLANG_CXX_LANGUAGE_STANDARD = "gnu++17";
				CLANG_ENABLE_MODULES = YES;
				CLANG_ENABLE_OBJC_ARC = YES;
				CLANG_ENABLE_OBJC_WEAK = YES;
				CLANG_WARN_BLOCK_CAPTURE_AUTORELEASING = YES;
				CLANG_WARN_BOOL_CONVERSION = YES;
				CLANG_WARN_COMMA = YES;
				CLANG_WARN_CONSTANT_CONVERSION = YES;
				CLANG_WARN_DEPRECATED_OBJC_IMPLEMENTATIONS = YES;
				CLANG_WARN_DIRECT_OBJC_ISA_USAGE = YES_ERROR;
				CLANG_WARN_DOCUMENTATION_COMMENTS = YES;
				CLANG_WARN_EMPTY_BODY = YES;
				CLANG_WARN_ENUM_CONVERSION = YES;
				CLANG_WARN_INFINITE_RECURSION = YES;
				CLANG_WARN_INT_CONVERSION = YES;
				CLANG_WARN_NON_LITERAL_NULL_CONVERSION = YES;
				CLANG_WARN_OBJC_IMPLICIT_RETAIN_SELF = YES;
				CLANG_WARN_OBJC_LITERAL_CONVERSION = YES;
				CLANG_WARN_OBJC_ROOT_CLASS = YES_ERROR;
				CLANG_WARN_QUOTED_INCLUDE_IN_FRAMEWORK_HEADER = YES;
				CLANG_WARN_RANGE_LOOP_ANALYSIS = YES;
				CLANG_WARN_STRICT_PROTOTYPES = YES;
				CLANG_WARN_SUSPICIOUS_MOVE = YES;
				CLANG_WARN_UNGUARDED_AVAILABILITY = YES_AGGRESSIVE;
				CLANG_WARN_UNREACHABLE_CODE = YES;
				CLANG_WARN__DUPLICATE_METHOD_MATCH = YES;
				COPY_PHASE_STRIP = NO;
				DEBUG_INFORMATION_FORMAT = "dwarf-with-dsym";
				ENABLE_NS_ASSERTIONS = NO;
				ENABLE_STRICT_OBJC_MSGSEND = YES;
				ENABLE_USER_SCRIPT_SANDBOXING = YES;
				GCC_C_LANGUAGE_STANDARD = gnu11;
				GCC_NO_COMMON_BLOCKS = YES;
				GCC_WARN_64_TO_32_BIT_CONVERSION = YES;
				GCC_WARN_ABOUT_RETURN_TYPE = YES_ERROR;
				GCC_WARN_UNDECLARED_SELECTOR = YES;
				GCC_WARN_UNINITIALIZED_AUTOS = YES_AGGRESSIVE;
				GCC_WARN_UNUSED_FUNCTION = YES;
				GCC_WARN_UNUSED_VARIABLE = YES;
				IPHONEOS_DEPLOYMENT_TARGET = 15.4;
				MTL_ENABLE_DEBUG_INFO = NO;
				MTL_FAST_MATH = YES;
				SDKROOT = iphoneos;
				SWIFT_COMPILATION_MODE = wholemodule;
				SWIFT_OPTIMIZATION_LEVEL = "-O";
				VALIDATE_PRODUCT = YES;
			};
			name = Release;
		};
		97E11D5B2817381200B2AB32 /* Debug */ = {
			isa = XCBuildConfiguration;
			buildSettings = {
				ASSETCATALOG_COMPILER_APPICON_NAME = AppIcon;
				ASSETCATALOG_COMPILER_GLOBAL_ACCENT_COLOR_NAME = AccentColor;
				CODE_SIGN_STYLE = Automatic;
				CURRENT_PROJECT_VERSION = 1;
				DEVELOPMENT_ASSET_PATHS = "\"SFSymbolsArtCollection/Preview Content\"";
				DEVELOPMENT_TEAM = 2V4975L824;
				ENABLE_PREVIEWS = YES;
				GENERATE_INFOPLIST_FILE = YES;
				INFOPLIST_FILE = SFSymbolsArtCollection/Info.plist;
				INFOPLIST_KEY_UIApplicationSceneManifest_Generation = YES;
				INFOPLIST_KEY_UIApplicationSupportsIndirectInputEvents = YES;
				INFOPLIST_KEY_UILaunchScreen_Generation = YES;
				INFOPLIST_KEY_UIStatusBarHidden = YES;
				INFOPLIST_KEY_UISupportedInterfaceOrientations = "UIInterfaceOrientationPortrait UIInterfaceOrientationPortraitUpsideDown";
				IPHONEOS_DEPLOYMENT_TARGET = 17.0;
				LD_RUNPATH_SEARCH_PATHS = (
					"$(inherited)",
					"@executable_path/Frameworks",
				);
				MARKETING_VERSION = 1.1.2;
				PRODUCT_BUNDLE_IDENTIFIER = jp.co.hotmail.lilossa.SFSymbolsArtCollection;
				PRODUCT_NAME = "$(TARGET_NAME)";
				SWIFT_EMIT_LOC_STRINGS = YES;
				SWIFT_VERSION = 5.0;
				TARGETED_DEVICE_FAMILY = "1,2";
			};
			name = Debug;
		};
		97E11D5C2817381200B2AB32 /* Release */ = {
			isa = XCBuildConfiguration;
			buildSettings = {
				ASSETCATALOG_COMPILER_APPICON_NAME = AppIcon;
				ASSETCATALOG_COMPILER_GLOBAL_ACCENT_COLOR_NAME = AccentColor;
				CODE_SIGN_STYLE = Automatic;
				CURRENT_PROJECT_VERSION = 1;
				DEVELOPMENT_ASSET_PATHS = "\"SFSymbolsArtCollection/Preview Content\"";
				DEVELOPMENT_TEAM = 2V4975L824;
				ENABLE_PREVIEWS = YES;
				GENERATE_INFOPLIST_FILE = YES;
				INFOPLIST_FILE = SFSymbolsArtCollection/Info.plist;
				INFOPLIST_KEY_UIApplicationSceneManifest_Generation = YES;
				INFOPLIST_KEY_UIApplicationSupportsIndirectInputEvents = YES;
				INFOPLIST_KEY_UILaunchScreen_Generation = YES;
				INFOPLIST_KEY_UIStatusBarHidden = YES;
				INFOPLIST_KEY_UISupportedInterfaceOrientations = "UIInterfaceOrientationPortrait UIInterfaceOrientationPortraitUpsideDown";
				IPHONEOS_DEPLOYMENT_TARGET = 17.0;
				LD_RUNPATH_SEARCH_PATHS = (
					"$(inherited)",
					"@executable_path/Frameworks",
				);
				MARKETING_VERSION = 1.1.2;
				PRODUCT_BUNDLE_IDENTIFIER = jp.co.hotmail.lilossa.SFSymbolsArtCollection;
				PRODUCT_NAME = "$(TARGET_NAME)";
				SWIFT_EMIT_LOC_STRINGS = YES;
				SWIFT_VERSION = 5.0;
				TARGETED_DEVICE_FAMILY = "1,2";
			};
			name = Release;
		};
/* End XCBuildConfiguration section */

/* Begin XCConfigurationList section */
		97E11D472817381100B2AB32 /* Build configuration list for PBXProject "SFSymbolsArtCollection" */ = {
			isa = XCConfigurationList;
			buildConfigurations = (
				97E11D582817381200B2AB32 /* Debug */,
				97E11D592817381200B2AB32 /* Release */,
			);
			defaultConfigurationIsVisible = 0;
			defaultConfigurationName = Release;
		};
		97E11D5A2817381200B2AB32 /* Build configuration list for PBXNativeTarget "SFSymbolsArtCollection" */ = {
			isa = XCConfigurationList;
			buildConfigurations = (
				97E11D5B2817381200B2AB32 /* Debug */,
				97E11D5C2817381200B2AB32 /* Release */,
			);
			defaultConfigurationIsVisible = 0;
			defaultConfigurationName = Release;
		};
/* End XCConfigurationList section */
	};
	rootObject = 97E11D442817381100B2AB32 /* Project object */;
}
